
Microsoft Visual Studio Solution File, Format Version 12.00
# Visual Studio 15
VisualStudioVersion = 15.0.27428.2037
MinimumVisualStudioVersion = 10.0.40219.1
Project("{FAE04EC0-301F-11D3-BF4B-00C04F79EFBC}") = "AiosKingdom.Android", "AiosKingdom\AiosKingdom.Android\AiosKingdom.Android.csproj", "{F24FE981-926D-4B1D-B708-43CC62C9E2E9}"
EndProject
Project("{FAE04EC0-301F-11D3-BF4B-00C04F79EFBC}") = "AiosKingdom.iOS", "AiosKingdom\AiosKingdom.iOS\AiosKingdom.iOS.csproj", "{0B5B096D-66F0-4B0A-B0BB-9DA10D7397CC}"
EndProject
Project("{FAE04EC0-301F-11D3-BF4B-00C04F79EFBC}") = "AiosKingdom.UWP", "AiosKingdom\AiosKingdom.UWP\AiosKingdom.UWP.csproj", "{B0F0DDE0-73A6-4D53-B5D2-08DFE335C58E}"
EndProject
Project("{9A19103F-16F7-4668-BE54-9A1E7A4F7556}") = "AiosKingdom", "AiosKingdom\AiosKingdom\AiosKingdom.csproj", "{944EFBCF-73E4-4183-942E-CD829E803A41}"
EndProject
Project("{FAE04EC0-301F-11D3-BF4B-00C04F79EFBC}") = "DataModels", "DataModels\DataModels.csproj", "{DC146B2F-0846-47AA-A9A8-CD86A8815398}"
EndProject
Project("{FAE04EC0-301F-11D3-BF4B-00C04F79EFBC}") = "Network", "Network\Network.csproj", "{FD6A34FE-F77D-4F4C-A342-D52CED5A9937}"
EndProject
Project("{FAE04EC0-301F-11D3-BF4B-00C04F79EFBC}") = "Server.DispatchServer", "Server\Server.DispatchServer\Server.DispatchServer.csproj", "{2DFB97BC-D47A-47F0-ACF9-702979EDE758}"
EndProject
Project("{FAE04EC0-301F-11D3-BF4B-00C04F79EFBC}") = "Server.GameServer", "Server\Server.GameServer\Server.GameServer.csproj", "{9DF16A79-E196-4EFC-8384-C3812B55691C}"
EndProject
Global
	GlobalSection(SolutionConfigurationPlatforms) = preSolution
		Ad-Hoc|Any CPU = Ad-Hoc|Any CPU
		Ad-Hoc|ARM = Ad-Hoc|ARM
		Ad-Hoc|iPhone = Ad-Hoc|iPhone
		Ad-Hoc|iPhoneSimulator = Ad-Hoc|iPhoneSimulator
		Ad-Hoc|x64 = Ad-Hoc|x64
		Ad-Hoc|x86 = Ad-Hoc|x86
		AppStore|Any CPU = AppStore|Any CPU
		AppStore|ARM = AppStore|ARM
		AppStore|iPhone = AppStore|iPhone
		AppStore|iPhoneSimulator = AppStore|iPhoneSimulator
		AppStore|x64 = AppStore|x64
		AppStore|x86 = AppStore|x86
		Debug|Any CPU = Debug|Any CPU
		Debug|ARM = Debug|ARM
		Debug|iPhone = Debug|iPhone
		Debug|iPhoneSimulator = Debug|iPhoneSimulator
		Debug|x64 = Debug|x64
		Debug|x86 = Debug|x86
		Release|Any CPU = Release|Any CPU
		Release|ARM = Release|ARM
		Release|iPhone = Release|iPhone
		Release|iPhoneSimulator = Release|iPhoneSimulator
		Release|x64 = Release|x64
		Release|x86 = Release|x86
	EndGlobalSection
	GlobalSection(ProjectConfigurationPlatforms) = postSolution
		{F24FE981-926D-4B1D-B708-43CC62C9E2E9}.Ad-Hoc|Any CPU.ActiveCfg = Release|Any CPU
		{F24FE981-926D-4B1D-B708-43CC62C9E2E9}.Ad-Hoc|Any CPU.Build.0 = Release|Any CPU
		{F24FE981-926D-4B1D-B708-43CC62C9E2E9}.Ad-Hoc|Any CPU.Deploy.0 = Release|Any CPU
		{F24FE981-926D-4B1D-B708-43CC62C9E2E9}.Ad-Hoc|ARM.ActiveCfg = Release|Any CPU
		{F24FE981-926D-4B1D-B708-43CC62C9E2E9}.Ad-Hoc|ARM.Build.0 = Release|Any CPU
		{F24FE981-926D-4B1D-B708-43CC62C9E2E9}.Ad-Hoc|ARM.Deploy.0 = Release|Any CPU
		{F24FE981-926D-4B1D-B708-43CC62C9E2E9}.Ad-Hoc|iPhone.ActiveCfg = Release|Any CPU
		{F24FE981-926D-4B1D-B708-43CC62C9E2E9}.Ad-Hoc|iPhone.Build.0 = Release|Any CPU
		{F24FE981-926D-4B1D-B708-43CC62C9E2E9}.Ad-Hoc|iPhone.Deploy.0 = Release|Any CPU
		{F24FE981-926D-4B1D-B708-43CC62C9E2E9}.Ad-Hoc|iPhoneSimulator.ActiveCfg = Release|Any CPU
		{F24FE981-926D-4B1D-B708-43CC62C9E2E9}.Ad-Hoc|iPhoneSimulator.Build.0 = Release|Any CPU
		{F24FE981-926D-4B1D-B708-43CC62C9E2E9}.Ad-Hoc|iPhoneSimulator.Deploy.0 = Release|Any CPU
		{F24FE981-926D-4B1D-B708-43CC62C9E2E9}.Ad-Hoc|x64.ActiveCfg = Release|Any CPU
		{F24FE981-926D-4B1D-B708-43CC62C9E2E9}.Ad-Hoc|x64.Build.0 = Release|Any CPU
		{F24FE981-926D-4B1D-B708-43CC62C9E2E9}.Ad-Hoc|x64.Deploy.0 = Release|Any CPU
		{F24FE981-926D-4B1D-B708-43CC62C9E2E9}.Ad-Hoc|x86.ActiveCfg = Release|Any CPU
		{F24FE981-926D-4B1D-B708-43CC62C9E2E9}.Ad-Hoc|x86.Build.0 = Release|Any CPU
		{F24FE981-926D-4B1D-B708-43CC62C9E2E9}.Ad-Hoc|x86.Deploy.0 = Release|Any CPU
		{F24FE981-926D-4B1D-B708-43CC62C9E2E9}.AppStore|Any CPU.ActiveCfg = Release|Any CPU
		{F24FE981-926D-4B1D-B708-43CC62C9E2E9}.AppStore|Any CPU.Build.0 = Release|Any CPU
		{F24FE981-926D-4B1D-B708-43CC62C9E2E9}.AppStore|Any CPU.Deploy.0 = Release|Any CPU
		{F24FE981-926D-4B1D-B708-43CC62C9E2E9}.AppStore|ARM.ActiveCfg = Release|Any CPU
		{F24FE981-926D-4B1D-B708-43CC62C9E2E9}.AppStore|ARM.Build.0 = Release|Any CPU
		{F24FE981-926D-4B1D-B708-43CC62C9E2E9}.AppStore|ARM.Deploy.0 = Release|Any CPU
		{F24FE981-926D-4B1D-B708-43CC62C9E2E9}.AppStore|iPhone.ActiveCfg = Release|Any CPU
		{F24FE981-926D-4B1D-B708-43CC62C9E2E9}.AppStore|iPhone.Build.0 = Release|Any CPU
		{F24FE981-926D-4B1D-B708-43CC62C9E2E9}.AppStore|iPhone.Deploy.0 = Release|Any CPU
		{F24FE981-926D-4B1D-B708-43CC62C9E2E9}.AppStore|iPhoneSimulator.ActiveCfg = Release|Any CPU
		{F24FE981-926D-4B1D-B708-43CC62C9E2E9}.AppStore|iPhoneSimulator.Build.0 = Release|Any CPU
		{F24FE981-926D-4B1D-B708-43CC62C9E2E9}.AppStore|iPhoneSimulator.Deploy.0 = Release|Any CPU
		{F24FE981-926D-4B1D-B708-43CC62C9E2E9}.AppStore|x64.ActiveCfg = Release|Any CPU
		{F24FE981-926D-4B1D-B708-43CC62C9E2E9}.AppStore|x64.Build.0 = Release|Any CPU
		{F24FE981-926D-4B1D-B708-43CC62C9E2E9}.AppStore|x64.Deploy.0 = Release|Any CPU
		{F24FE981-926D-4B1D-B708-43CC62C9E2E9}.AppStore|x86.ActiveCfg = Release|Any CPU
		{F24FE981-926D-4B1D-B708-43CC62C9E2E9}.AppStore|x86.Build.0 = Release|Any CPU
		{F24FE981-926D-4B1D-B708-43CC62C9E2E9}.AppStore|x86.Deploy.0 = Release|Any CPU
		{F24FE981-926D-4B1D-B708-43CC62C9E2E9}.Debug|Any CPU.ActiveCfg = Debug|Any CPU
		{F24FE981-926D-4B1D-B708-43CC62C9E2E9}.Debug|Any CPU.Build.0 = Debug|Any CPU
		{F24FE981-926D-4B1D-B708-43CC62C9E2E9}.Debug|Any CPU.Deploy.0 = Debug|Any CPU
		{F24FE981-926D-4B1D-B708-43CC62C9E2E9}.Debug|ARM.ActiveCfg = Debug|Any CPU
		{F24FE981-926D-4B1D-B708-43CC62C9E2E9}.Debug|ARM.Build.0 = Debug|Any CPU
		{F24FE981-926D-4B1D-B708-43CC62C9E2E9}.Debug|ARM.Deploy.0 = Debug|Any CPU
		{F24FE981-926D-4B1D-B708-43CC62C9E2E9}.Debug|iPhone.ActiveCfg = Debug|Any CPU
		{F24FE981-926D-4B1D-B708-43CC62C9E2E9}.Debug|iPhone.Build.0 = Debug|Any CPU
		{F24FE981-926D-4B1D-B708-43CC62C9E2E9}.Debug|iPhone.Deploy.0 = Debug|Any CPU
		{F24FE981-926D-4B1D-B708-43CC62C9E2E9}.Debug|iPhoneSimulator.ActiveCfg = Debug|Any CPU
		{F24FE981-926D-4B1D-B708-43CC62C9E2E9}.Debug|iPhoneSimulator.Build.0 = Debug|Any CPU
		{F24FE981-926D-4B1D-B708-43CC62C9E2E9}.Debug|iPhoneSimulator.Deploy.0 = Debug|Any CPU
		{F24FE981-926D-4B1D-B708-43CC62C9E2E9}.Debug|x64.ActiveCfg = Debug|Any CPU
		{F24FE981-926D-4B1D-B708-43CC62C9E2E9}.Debug|x64.Build.0 = Debug|Any CPU
		{F24FE981-926D-4B1D-B708-43CC62C9E2E9}.Debug|x64.Deploy.0 = Debug|Any CPU
		{F24FE981-926D-4B1D-B708-43CC62C9E2E9}.Debug|x86.ActiveCfg = Debug|Any CPU
		{F24FE981-926D-4B1D-B708-43CC62C9E2E9}.Debug|x86.Build.0 = Debug|Any CPU
		{F24FE981-926D-4B1D-B708-43CC62C9E2E9}.Debug|x86.Deploy.0 = Debug|Any CPU
		{F24FE981-926D-4B1D-B708-43CC62C9E2E9}.Release|Any CPU.ActiveCfg = Release|Any CPU
		{F24FE981-926D-4B1D-B708-43CC62C9E2E9}.Release|Any CPU.Build.0 = Release|Any CPU
		{F24FE981-926D-4B1D-B708-43CC62C9E2E9}.Release|Any CPU.Deploy.0 = Release|Any CPU
		{F24FE981-926D-4B1D-B708-43CC62C9E2E9}.Release|ARM.ActiveCfg = Release|Any CPU
		{F24FE981-926D-4B1D-B708-43CC62C9E2E9}.Release|ARM.Build.0 = Release|Any CPU
		{F24FE981-926D-4B1D-B708-43CC62C9E2E9}.Release|ARM.Deploy.0 = Release|Any CPU
		{F24FE981-926D-4B1D-B708-43CC62C9E2E9}.Release|iPhone.ActiveCfg = Release|Any CPU
		{F24FE981-926D-4B1D-B708-43CC62C9E2E9}.Release|iPhone.Build.0 = Release|Any CPU
		{F24FE981-926D-4B1D-B708-43CC62C9E2E9}.Release|iPhone.Deploy.0 = Release|Any CPU
		{F24FE981-926D-4B1D-B708-43CC62C9E2E9}.Release|iPhoneSimulator.ActiveCfg = Release|Any CPU
		{F24FE981-926D-4B1D-B708-43CC62C9E2E9}.Release|iPhoneSimulator.Build.0 = Release|Any CPU
		{F24FE981-926D-4B1D-B708-43CC62C9E2E9}.Release|iPhoneSimulator.Deploy.0 = Release|Any CPU
		{F24FE981-926D-4B1D-B708-43CC62C9E2E9}.Release|x64.ActiveCfg = Release|Any CPU
		{F24FE981-926D-4B1D-B708-43CC62C9E2E9}.Release|x64.Build.0 = Release|Any CPU
		{F24FE981-926D-4B1D-B708-43CC62C9E2E9}.Release|x64.Deploy.0 = Release|Any CPU
		{F24FE981-926D-4B1D-B708-43CC62C9E2E9}.Release|x86.ActiveCfg = Release|Any CPU
		{F24FE981-926D-4B1D-B708-43CC62C9E2E9}.Release|x86.Build.0 = Release|Any CPU
		{F24FE981-926D-4B1D-B708-43CC62C9E2E9}.Release|x86.Deploy.0 = Release|Any CPU
		{0B5B096D-66F0-4B0A-B0BB-9DA10D7397CC}.Ad-Hoc|Any CPU.ActiveCfg = Ad-Hoc|iPhone
		{0B5B096D-66F0-4B0A-B0BB-9DA10D7397CC}.Ad-Hoc|ARM.ActiveCfg = Ad-Hoc|iPhone
		{0B5B096D-66F0-4B0A-B0BB-9DA10D7397CC}.Ad-Hoc|iPhone.ActiveCfg = Ad-Hoc|iPhone
		{0B5B096D-66F0-4B0A-B0BB-9DA10D7397CC}.Ad-Hoc|iPhone.Build.0 = Ad-Hoc|iPhone
		{0B5B096D-66F0-4B0A-B0BB-9DA10D7397CC}.Ad-Hoc|iPhoneSimulator.ActiveCfg = Ad-Hoc|iPhoneSimulator
		{0B5B096D-66F0-4B0A-B0BB-9DA10D7397CC}.Ad-Hoc|iPhoneSimulator.Build.0 = Ad-Hoc|iPhoneSimulator
		{0B5B096D-66F0-4B0A-B0BB-9DA10D7397CC}.Ad-Hoc|x64.ActiveCfg = Ad-Hoc|iPhone
		{0B5B096D-66F0-4B0A-B0BB-9DA10D7397CC}.Ad-Hoc|x86.ActiveCfg = Ad-Hoc|iPhone
		{0B5B096D-66F0-4B0A-B0BB-9DA10D7397CC}.AppStore|Any CPU.ActiveCfg = AppStore|iPhone
		{0B5B096D-66F0-4B0A-B0BB-9DA10D7397CC}.AppStore|ARM.ActiveCfg = AppStore|iPhone
		{0B5B096D-66F0-4B0A-B0BB-9DA10D7397CC}.AppStore|iPhone.ActiveCfg = AppStore|iPhone
		{0B5B096D-66F0-4B0A-B0BB-9DA10D7397CC}.AppStore|iPhone.Build.0 = AppStore|iPhone
		{0B5B096D-66F0-4B0A-B0BB-9DA10D7397CC}.AppStore|iPhoneSimulator.ActiveCfg = AppStore|iPhoneSimulator
		{0B5B096D-66F0-4B0A-B0BB-9DA10D7397CC}.AppStore|iPhoneSimulator.Build.0 = AppStore|iPhoneSimulator
		{0B5B096D-66F0-4B0A-B0BB-9DA10D7397CC}.AppStore|x64.ActiveCfg = AppStore|iPhone
		{0B5B096D-66F0-4B0A-B0BB-9DA10D7397CC}.AppStore|x86.ActiveCfg = AppStore|iPhone
		{0B5B096D-66F0-4B0A-B0BB-9DA10D7397CC}.Debug|Any CPU.ActiveCfg = Debug|iPhone
		{0B5B096D-66F0-4B0A-B0BB-9DA10D7397CC}.Debug|ARM.ActiveCfg = Debug|iPhone
		{0B5B096D-66F0-4B0A-B0BB-9DA10D7397CC}.Debug|iPhone.ActiveCfg = Debug|iPhone
		{0B5B096D-66F0-4B0A-B0BB-9DA10D7397CC}.Debug|iPhone.Build.0 = Debug|iPhone
		{0B5B096D-66F0-4B0A-B0BB-9DA10D7397CC}.Debug|iPhoneSimulator.ActiveCfg = Debug|iPhoneSimulator
		{0B5B096D-66F0-4B0A-B0BB-9DA10D7397CC}.Debug|iPhoneSimulator.Build.0 = Debug|iPhoneSimulator
		{0B5B096D-66F0-4B0A-B0BB-9DA10D7397CC}.Debug|x64.ActiveCfg = Debug|iPhone
		{0B5B096D-66F0-4B0A-B0BB-9DA10D7397CC}.Debug|x86.ActiveCfg = Debug|iPhone
		{0B5B096D-66F0-4B0A-B0BB-9DA10D7397CC}.Release|Any CPU.ActiveCfg = Release|iPhone
		{0B5B096D-66F0-4B0A-B0BB-9DA10D7397CC}.Release|ARM.ActiveCfg = Release|iPhone
		{0B5B096D-66F0-4B0A-B0BB-9DA10D7397CC}.Release|iPhone.ActiveCfg = Release|iPhone
		{0B5B096D-66F0-4B0A-B0BB-9DA10D7397CC}.Release|iPhone.Build.0 = Release|iPhone
		{0B5B096D-66F0-4B0A-B0BB-9DA10D7397CC}.Release|iPhoneSimulator.ActiveCfg = Release|iPhoneSimulator
		{0B5B096D-66F0-4B0A-B0BB-9DA10D7397CC}.Release|iPhoneSimulator.Build.0 = Release|iPhoneSimulator
		{0B5B096D-66F0-4B0A-B0BB-9DA10D7397CC}.Release|x64.ActiveCfg = Release|iPhone
		{0B5B096D-66F0-4B0A-B0BB-9DA10D7397CC}.Release|x86.ActiveCfg = Release|iPhone
		{B0F0DDE0-73A6-4D53-B5D2-08DFE335C58E}.Ad-Hoc|Any CPU.ActiveCfg = Release|x86
		{B0F0DDE0-73A6-4D53-B5D2-08DFE335C58E}.Ad-Hoc|Any CPU.Build.0 = Release|x86
		{B0F0DDE0-73A6-4D53-B5D2-08DFE335C58E}.Ad-Hoc|Any CPU.Deploy.0 = Release|x86
		{B0F0DDE0-73A6-4D53-B5D2-08DFE335C58E}.Ad-Hoc|ARM.ActiveCfg = Release|ARM
		{B0F0DDE0-73A6-4D53-B5D2-08DFE335C58E}.Ad-Hoc|ARM.Build.0 = Release|ARM
		{B0F0DDE0-73A6-4D53-B5D2-08DFE335C58E}.Ad-Hoc|ARM.Deploy.0 = Release|ARM
		{B0F0DDE0-73A6-4D53-B5D2-08DFE335C58E}.Ad-Hoc|iPhone.ActiveCfg = Release|x86
		{B0F0DDE0-73A6-4D53-B5D2-08DFE335C58E}.Ad-Hoc|iPhone.Build.0 = Release|x86
		{B0F0DDE0-73A6-4D53-B5D2-08DFE335C58E}.Ad-Hoc|iPhone.Deploy.0 = Release|x86
		{B0F0DDE0-73A6-4D53-B5D2-08DFE335C58E}.Ad-Hoc|iPhoneSimulator.ActiveCfg = Release|x86
		{B0F0DDE0-73A6-4D53-B5D2-08DFE335C58E}.Ad-Hoc|iPhoneSimulator.Build.0 = Release|x86
		{B0F0DDE0-73A6-4D53-B5D2-08DFE335C58E}.Ad-Hoc|iPhoneSimulator.Deploy.0 = Release|x86
		{B0F0DDE0-73A6-4D53-B5D2-08DFE335C58E}.Ad-Hoc|x64.ActiveCfg = Release|x64
		{B0F0DDE0-73A6-4D53-B5D2-08DFE335C58E}.Ad-Hoc|x64.Build.0 = Release|x64
		{B0F0DDE0-73A6-4D53-B5D2-08DFE335C58E}.Ad-Hoc|x64.Deploy.0 = Release|x64
		{B0F0DDE0-73A6-4D53-B5D2-08DFE335C58E}.Ad-Hoc|x86.ActiveCfg = Release|x86
		{B0F0DDE0-73A6-4D53-B5D2-08DFE335C58E}.Ad-Hoc|x86.Build.0 = Release|x86
		{B0F0DDE0-73A6-4D53-B5D2-08DFE335C58E}.Ad-Hoc|x86.Deploy.0 = Release|x86
		{B0F0DDE0-73A6-4D53-B5D2-08DFE335C58E}.AppStore|Any CPU.ActiveCfg = Release|x86
		{B0F0DDE0-73A6-4D53-B5D2-08DFE335C58E}.AppStore|Any CPU.Build.0 = Release|x86
		{B0F0DDE0-73A6-4D53-B5D2-08DFE335C58E}.AppStore|Any CPU.Deploy.0 = Release|x86
		{B0F0DDE0-73A6-4D53-B5D2-08DFE335C58E}.AppStore|ARM.ActiveCfg = Release|ARM
		{B0F0DDE0-73A6-4D53-B5D2-08DFE335C58E}.AppStore|ARM.Build.0 = Release|ARM
		{B0F0DDE0-73A6-4D53-B5D2-08DFE335C58E}.AppStore|ARM.Deploy.0 = Release|ARM
		{B0F0DDE0-73A6-4D53-B5D2-08DFE335C58E}.AppStore|iPhone.ActiveCfg = Release|x86
		{B0F0DDE0-73A6-4D53-B5D2-08DFE335C58E}.AppStore|iPhone.Build.0 = Release|x86
		{B0F0DDE0-73A6-4D53-B5D2-08DFE335C58E}.AppStore|iPhone.Deploy.0 = Release|x86
		{B0F0DDE0-73A6-4D53-B5D2-08DFE335C58E}.AppStore|iPhoneSimulator.ActiveCfg = Release|x86
		{B0F0DDE0-73A6-4D53-B5D2-08DFE335C58E}.AppStore|iPhoneSimulator.Build.0 = Release|x86
		{B0F0DDE0-73A6-4D53-B5D2-08DFE335C58E}.AppStore|iPhoneSimulator.Deploy.0 = Release|x86
		{B0F0DDE0-73A6-4D53-B5D2-08DFE335C58E}.AppStore|x64.ActiveCfg = Release|x64
		{B0F0DDE0-73A6-4D53-B5D2-08DFE335C58E}.AppStore|x64.Build.0 = Release|x64
		{B0F0DDE0-73A6-4D53-B5D2-08DFE335C58E}.AppStore|x64.Deploy.0 = Release|x64
		{B0F0DDE0-73A6-4D53-B5D2-08DFE335C58E}.AppStore|x86.ActiveCfg = Release|x86
		{B0F0DDE0-73A6-4D53-B5D2-08DFE335C58E}.AppStore|x86.Build.0 = Release|x86
		{B0F0DDE0-73A6-4D53-B5D2-08DFE335C58E}.AppStore|x86.Deploy.0 = Release|x86
		{B0F0DDE0-73A6-4D53-B5D2-08DFE335C58E}.Debug|Any CPU.ActiveCfg = Debug|x86
		{B0F0DDE0-73A6-4D53-B5D2-08DFE335C58E}.Debug|ARM.ActiveCfg = Debug|ARM
		{B0F0DDE0-73A6-4D53-B5D2-08DFE335C58E}.Debug|ARM.Build.0 = Debug|ARM
		{B0F0DDE0-73A6-4D53-B5D2-08DFE335C58E}.Debug|ARM.Deploy.0 = Debug|ARM
		{B0F0DDE0-73A6-4D53-B5D2-08DFE335C58E}.Debug|iPhone.ActiveCfg = Debug|x86
		{B0F0DDE0-73A6-4D53-B5D2-08DFE335C58E}.Debug|iPhoneSimulator.ActiveCfg = Debug|x86
		{B0F0DDE0-73A6-4D53-B5D2-08DFE335C58E}.Debug|x64.ActiveCfg = Debug|x64
		{B0F0DDE0-73A6-4D53-B5D2-08DFE335C58E}.Debug|x64.Build.0 = Debug|x64
		{B0F0DDE0-73A6-4D53-B5D2-08DFE335C58E}.Debug|x64.Deploy.0 = Debug|x64
		{B0F0DDE0-73A6-4D53-B5D2-08DFE335C58E}.Debug|x86.ActiveCfg = Debug|x86
		{B0F0DDE0-73A6-4D53-B5D2-08DFE335C58E}.Debug|x86.Build.0 = Debug|x86
		{B0F0DDE0-73A6-4D53-B5D2-08DFE335C58E}.Debug|x86.Deploy.0 = Debug|x86
		{B0F0DDE0-73A6-4D53-B5D2-08DFE335C58E}.Release|Any CPU.ActiveCfg = Release|x86
		{B0F0DDE0-73A6-4D53-B5D2-08DFE335C58E}.Release|ARM.ActiveCfg = Release|ARM
		{B0F0DDE0-73A6-4D53-B5D2-08DFE335C58E}.Release|ARM.Build.0 = Release|ARM
		{B0F0DDE0-73A6-4D53-B5D2-08DFE335C58E}.Release|ARM.Deploy.0 = Release|ARM
		{B0F0DDE0-73A6-4D53-B5D2-08DFE335C58E}.Release|iPhone.ActiveCfg = Release|x86
		{B0F0DDE0-73A6-4D53-B5D2-08DFE335C58E}.Release|iPhoneSimulator.ActiveCfg = Release|x86
		{B0F0DDE0-73A6-4D53-B5D2-08DFE335C58E}.Release|x64.ActiveCfg = Release|x64
		{B0F0DDE0-73A6-4D53-B5D2-08DFE335C58E}.Release|x64.Build.0 = Release|x64
		{B0F0DDE0-73A6-4D53-B5D2-08DFE335C58E}.Release|x64.Deploy.0 = Release|x64
		{B0F0DDE0-73A6-4D53-B5D2-08DFE335C58E}.Release|x86.ActiveCfg = Release|x86
		{B0F0DDE0-73A6-4D53-B5D2-08DFE335C58E}.Release|x86.Build.0 = Release|x86
		{B0F0DDE0-73A6-4D53-B5D2-08DFE335C58E}.Release|x86.Deploy.0 = Release|x86
		{944EFBCF-73E4-4183-942E-CD829E803A41}.Ad-Hoc|Any CPU.ActiveCfg = Debug|Any CPU
		{944EFBCF-73E4-4183-942E-CD829E803A41}.Ad-Hoc|Any CPU.Build.0 = Debug|Any CPU
		{944EFBCF-73E4-4183-942E-CD829E803A41}.Ad-Hoc|ARM.ActiveCfg = Debug|Any CPU
		{944EFBCF-73E4-4183-942E-CD829E803A41}.Ad-Hoc|ARM.Build.0 = Debug|Any CPU
		{944EFBCF-73E4-4183-942E-CD829E803A41}.Ad-Hoc|iPhone.ActiveCfg = Debug|Any CPU
		{944EFBCF-73E4-4183-942E-CD829E803A41}.Ad-Hoc|iPhone.Build.0 = Debug|Any CPU
		{944EFBCF-73E4-4183-942E-CD829E803A41}.Ad-Hoc|iPhoneSimulator.ActiveCfg = Debug|Any CPU
		{944EFBCF-73E4-4183-942E-CD829E803A41}.Ad-Hoc|iPhoneSimulator.Build.0 = Debug|Any CPU
		{944EFBCF-73E4-4183-942E-CD829E803A41}.Ad-Hoc|x64.ActiveCfg = Debug|Any CPU
		{944EFBCF-73E4-4183-942E-CD829E803A41}.Ad-Hoc|x64.Build.0 = Debug|Any CPU
		{944EFBCF-73E4-4183-942E-CD829E803A41}.Ad-Hoc|x86.ActiveCfg = Debug|Any CPU
		{944EFBCF-73E4-4183-942E-CD829E803A41}.Ad-Hoc|x86.Build.0 = Debug|Any CPU
		{944EFBCF-73E4-4183-942E-CD829E803A41}.AppStore|Any CPU.ActiveCfg = Debug|Any CPU
		{944EFBCF-73E4-4183-942E-CD829E803A41}.AppStore|Any CPU.Build.0 = Debug|Any CPU
		{944EFBCF-73E4-4183-942E-CD829E803A41}.AppStore|ARM.ActiveCfg = Debug|Any CPU
		{944EFBCF-73E4-4183-942E-CD829E803A41}.AppStore|ARM.Build.0 = Debug|Any CPU
		{944EFBCF-73E4-4183-942E-CD829E803A41}.AppStore|iPhone.ActiveCfg = Debug|Any CPU
		{944EFBCF-73E4-4183-942E-CD829E803A41}.AppStore|iPhone.Build.0 = Debug|Any CPU
		{944EFBCF-73E4-4183-942E-CD829E803A41}.AppStore|iPhoneSimulator.ActiveCfg = Debug|Any CPU
		{944EFBCF-73E4-4183-942E-CD829E803A41}.AppStore|iPhoneSimulator.Build.0 = Debug|Any CPU
		{944EFBCF-73E4-4183-942E-CD829E803A41}.AppStore|x64.ActiveCfg = Debug|Any CPU
		{944EFBCF-73E4-4183-942E-CD829E803A41}.AppStore|x64.Build.0 = Debug|Any CPU
		{944EFBCF-73E4-4183-942E-CD829E803A41}.AppStore|x86.ActiveCfg = Debug|Any CPU
		{944EFBCF-73E4-4183-942E-CD829E803A41}.AppStore|x86.Build.0 = Debug|Any CPU
		{944EFBCF-73E4-4183-942E-CD829E803A41}.Debug|Any CPU.ActiveCfg = Debug|Any CPU
		{944EFBCF-73E4-4183-942E-CD829E803A41}.Debug|Any CPU.Build.0 = Debug|Any CPU
		{944EFBCF-73E4-4183-942E-CD829E803A41}.Debug|ARM.ActiveCfg = Debug|Any CPU
		{944EFBCF-73E4-4183-942E-CD829E803A41}.Debug|ARM.Build.0 = Debug|Any CPU
		{944EFBCF-73E4-4183-942E-CD829E803A41}.Debug|iPhone.ActiveCfg = Debug|Any CPU
		{944EFBCF-73E4-4183-942E-CD829E803A41}.Debug|iPhone.Build.0 = Debug|Any CPU
		{944EFBCF-73E4-4183-942E-CD829E803A41}.Debug|iPhoneSimulator.ActiveCfg = Debug|Any CPU
		{944EFBCF-73E4-4183-942E-CD829E803A41}.Debug|iPhoneSimulator.Build.0 = Debug|Any CPU
		{944EFBCF-73E4-4183-942E-CD829E803A41}.Debug|x64.ActiveCfg = Debug|Any CPU
		{944EFBCF-73E4-4183-942E-CD829E803A41}.Debug|x64.Build.0 = Debug|Any CPU
		{944EFBCF-73E4-4183-942E-CD829E803A41}.Debug|x86.ActiveCfg = Debug|Any CPU
		{944EFBCF-73E4-4183-942E-CD829E803A41}.Debug|x86.Build.0 = Debug|Any CPU
		{944EFBCF-73E4-4183-942E-CD829E803A41}.Release|Any CPU.ActiveCfg = Release|Any CPU
		{944EFBCF-73E4-4183-942E-CD829E803A41}.Release|Any CPU.Build.0 = Release|Any CPU
		{944EFBCF-73E4-4183-942E-CD829E803A41}.Release|ARM.ActiveCfg = Release|Any CPU
		{944EFBCF-73E4-4183-942E-CD829E803A41}.Release|ARM.Build.0 = Release|Any CPU
		{944EFBCF-73E4-4183-942E-CD829E803A41}.Release|iPhone.ActiveCfg = Release|Any CPU
		{944EFBCF-73E4-4183-942E-CD829E803A41}.Release|iPhone.Build.0 = Release|Any CPU
		{944EFBCF-73E4-4183-942E-CD829E803A41}.Release|iPhoneSimulator.ActiveCfg = Release|Any CPU
		{944EFBCF-73E4-4183-942E-CD829E803A41}.Release|iPhoneSimulator.Build.0 = Release|Any CPU
		{944EFBCF-73E4-4183-942E-CD829E803A41}.Release|x64.ActiveCfg = Release|Any CPU
		{944EFBCF-73E4-4183-942E-CD829E803A41}.Release|x64.Build.0 = Release|Any CPU
		{944EFBCF-73E4-4183-942E-CD829E803A41}.Release|x86.ActiveCfg = Release|Any CPU
		{944EFBCF-73E4-4183-942E-CD829E803A41}.Release|x86.Build.0 = Release|Any CPU
		{DC146B2F-0846-47AA-A9A8-CD86A8815398}.Ad-Hoc|Any CPU.ActiveCfg = Debug|Any CPU
		{DC146B2F-0846-47AA-A9A8-CD86A8815398}.Ad-Hoc|Any CPU.Build.0 = Debug|Any CPU
		{DC146B2F-0846-47AA-A9A8-CD86A8815398}.Ad-Hoc|ARM.ActiveCfg = Debug|Any CPU
		{DC146B2F-0846-47AA-A9A8-CD86A8815398}.Ad-Hoc|ARM.Build.0 = Debug|Any CPU
		{DC146B2F-0846-47AA-A9A8-CD86A8815398}.Ad-Hoc|iPhone.ActiveCfg = Debug|Any CPU
		{DC146B2F-0846-47AA-A9A8-CD86A8815398}.Ad-Hoc|iPhone.Build.0 = Debug|Any CPU
		{DC146B2F-0846-47AA-A9A8-CD86A8815398}.Ad-Hoc|iPhoneSimulator.ActiveCfg = Debug|Any CPU
		{DC146B2F-0846-47AA-A9A8-CD86A8815398}.Ad-Hoc|iPhoneSimulator.Build.0 = Debug|Any CPU
		{DC146B2F-0846-47AA-A9A8-CD86A8815398}.Ad-Hoc|x64.ActiveCfg = Debug|Any CPU
		{DC146B2F-0846-47AA-A9A8-CD86A8815398}.Ad-Hoc|x64.Build.0 = Debug|Any CPU
		{DC146B2F-0846-47AA-A9A8-CD86A8815398}.Ad-Hoc|x86.ActiveCfg = Debug|Any CPU
		{DC146B2F-0846-47AA-A9A8-CD86A8815398}.Ad-Hoc|x86.Build.0 = Debug|Any CPU
		{DC146B2F-0846-47AA-A9A8-CD86A8815398}.AppStore|Any CPU.ActiveCfg = Debug|Any CPU
		{DC146B2F-0846-47AA-A9A8-CD86A8815398}.AppStore|Any CPU.Build.0 = Debug|Any CPU
		{DC146B2F-0846-47AA-A9A8-CD86A8815398}.AppStore|ARM.ActiveCfg = Debug|Any CPU
		{DC146B2F-0846-47AA-A9A8-CD86A8815398}.AppStore|ARM.Build.0 = Debug|Any CPU
		{DC146B2F-0846-47AA-A9A8-CD86A8815398}.AppStore|iPhone.ActiveCfg = Debug|Any CPU
		{DC146B2F-0846-47AA-A9A8-CD86A8815398}.AppStore|iPhone.Build.0 = Debug|Any CPU
		{DC146B2F-0846-47AA-A9A8-CD86A8815398}.AppStore|iPhoneSimulator.ActiveCfg = Debug|Any CPU
		{DC146B2F-0846-47AA-A9A8-CD86A8815398}.AppStore|iPhoneSimulator.Build.0 = Debug|Any CPU
		{DC146B2F-0846-47AA-A9A8-CD86A8815398}.AppStore|x64.ActiveCfg = Debug|Any CPU
		{DC146B2F-0846-47AA-A9A8-CD86A8815398}.AppStore|x64.Build.0 = Debug|Any CPU
		{DC146B2F-0846-47AA-A9A8-CD86A8815398}.AppStore|x86.ActiveCfg = Debug|Any CPU
		{DC146B2F-0846-47AA-A9A8-CD86A8815398}.AppStore|x86.Build.0 = Debug|Any CPU
		{DC146B2F-0846-47AA-A9A8-CD86A8815398}.Debug|Any CPU.ActiveCfg = Debug|Any CPU
		{DC146B2F-0846-47AA-A9A8-CD86A8815398}.Debug|Any CPU.Build.0 = Debug|Any CPU
		{DC146B2F-0846-47AA-A9A8-CD86A8815398}.Debug|ARM.ActiveCfg = Debug|Any CPU
		{DC146B2F-0846-47AA-A9A8-CD86A8815398}.Debug|ARM.Build.0 = Debug|Any CPU
		{DC146B2F-0846-47AA-A9A8-CD86A8815398}.Debug|iPhone.ActiveCfg = Debug|Any CPU
		{DC146B2F-0846-47AA-A9A8-CD86A8815398}.Debug|iPhone.Build.0 = Debug|Any CPU
		{DC146B2F-0846-47AA-A9A8-CD86A8815398}.Debug|iPhoneSimulator.ActiveCfg = Debug|Any CPU
		{DC146B2F-0846-47AA-A9A8-CD86A8815398}.Debug|iPhoneSimulator.Build.0 = Debug|Any CPU
		{DC146B2F-0846-47AA-A9A8-CD86A8815398}.Debug|x64.ActiveCfg = Debug|Any CPU
		{DC146B2F-0846-47AA-A9A8-CD86A8815398}.Debug|x64.Build.0 = Debug|Any CPU
		{DC146B2F-0846-47AA-A9A8-CD86A8815398}.Debug|x86.ActiveCfg = Debug|Any CPU
		{DC146B2F-0846-47AA-A9A8-CD86A8815398}.Debug|x86.Build.0 = Debug|Any CPU
		{DC146B2F-0846-47AA-A9A8-CD86A8815398}.Release|Any CPU.ActiveCfg = Release|Any CPU
		{DC146B2F-0846-47AA-A9A8-CD86A8815398}.Release|Any CPU.Build.0 = Release|Any CPU
		{DC146B2F-0846-47AA-A9A8-CD86A8815398}.Release|ARM.ActiveCfg = Release|Any CPU
		{DC146B2F-0846-47AA-A9A8-CD86A8815398}.Release|ARM.Build.0 = Release|Any CPU
		{DC146B2F-0846-47AA-A9A8-CD86A8815398}.Release|iPhone.ActiveCfg = Release|Any CPU
		{DC146B2F-0846-47AA-A9A8-CD86A8815398}.Release|iPhone.Build.0 = Release|Any CPU
		{DC146B2F-0846-47AA-A9A8-CD86A8815398}.Release|iPhoneSimulator.ActiveCfg = Release|Any CPU
		{DC146B2F-0846-47AA-A9A8-CD86A8815398}.Release|iPhoneSimulator.Build.0 = Release|Any CPU
		{DC146B2F-0846-47AA-A9A8-CD86A8815398}.Release|x64.ActiveCfg = Release|Any CPU
		{DC146B2F-0846-47AA-A9A8-CD86A8815398}.Release|x64.Build.0 = Release|Any CPU
		{DC146B2F-0846-47AA-A9A8-CD86A8815398}.Release|x86.ActiveCfg = Release|Any CPU
		{DC146B2F-0846-47AA-A9A8-CD86A8815398}.Release|x86.Build.0 = Release|Any CPU
		{FD6A34FE-F77D-4F4C-A342-D52CED5A9937}.Ad-Hoc|Any CPU.ActiveCfg = Debug|Any CPU
		{FD6A34FE-F77D-4F4C-A342-D52CED5A9937}.Ad-Hoc|Any CPU.Build.0 = Debug|Any CPU
		{FD6A34FE-F77D-4F4C-A342-D52CED5A9937}.Ad-Hoc|ARM.ActiveCfg = Debug|Any CPU
		{FD6A34FE-F77D-4F4C-A342-D52CED5A9937}.Ad-Hoc|ARM.Build.0 = Debug|Any CPU
		{FD6A34FE-F77D-4F4C-A342-D52CED5A9937}.Ad-Hoc|iPhone.ActiveCfg = Debug|Any CPU
		{FD6A34FE-F77D-4F4C-A342-D52CED5A9937}.Ad-Hoc|iPhone.Build.0 = Debug|Any CPU
		{FD6A34FE-F77D-4F4C-A342-D52CED5A9937}.Ad-Hoc|iPhoneSimulator.ActiveCfg = Debug|Any CPU
		{FD6A34FE-F77D-4F4C-A342-D52CED5A9937}.Ad-Hoc|iPhoneSimulator.Build.0 = Debug|Any CPU
		{FD6A34FE-F77D-4F4C-A342-D52CED5A9937}.Ad-Hoc|x64.ActiveCfg = Debug|Any CPU
		{FD6A34FE-F77D-4F4C-A342-D52CED5A9937}.Ad-Hoc|x64.Build.0 = Debug|Any CPU
		{FD6A34FE-F77D-4F4C-A342-D52CED5A9937}.Ad-Hoc|x86.ActiveCfg = Debug|Any CPU
		{FD6A34FE-F77D-4F4C-A342-D52CED5A9937}.Ad-Hoc|x86.Build.0 = Debug|Any CPU
		{FD6A34FE-F77D-4F4C-A342-D52CED5A9937}.AppStore|Any CPU.ActiveCfg = Debug|Any CPU
		{FD6A34FE-F77D-4F4C-A342-D52CED5A9937}.AppStore|Any CPU.Build.0 = Debug|Any CPU
		{FD6A34FE-F77D-4F4C-A342-D52CED5A9937}.AppStore|ARM.ActiveCfg = Debug|Any CPU
		{FD6A34FE-F77D-4F4C-A342-D52CED5A9937}.AppStore|ARM.Build.0 = Debug|Any CPU
		{FD6A34FE-F77D-4F4C-A342-D52CED5A9937}.AppStore|iPhone.ActiveCfg = Debug|Any CPU
		{FD6A34FE-F77D-4F4C-A342-D52CED5A9937}.AppStore|iPhone.Build.0 = Debug|Any CPU
		{FD6A34FE-F77D-4F4C-A342-D52CED5A9937}.AppStore|iPhoneSimulator.ActiveCfg = Debug|Any CPU
		{FD6A34FE-F77D-4F4C-A342-D52CED5A9937}.AppStore|iPhoneSimulator.Build.0 = Debug|Any CPU
		{FD6A34FE-F77D-4F4C-A342-D52CED5A9937}.AppStore|x64.ActiveCfg = Debug|Any CPU
		{FD6A34FE-F77D-4F4C-A342-D52CED5A9937}.AppStore|x64.Build.0 = Debug|Any CPU
		{FD6A34FE-F77D-4F4C-A342-D52CED5A9937}.AppStore|x86.ActiveCfg = Debug|Any CPU
		{FD6A34FE-F77D-4F4C-A342-D52CED5A9937}.AppStore|x86.Build.0 = Debug|Any CPU
		{FD6A34FE-F77D-4F4C-A342-D52CED5A9937}.Debug|Any CPU.ActiveCfg = Debug|Any CPU
		{FD6A34FE-F77D-4F4C-A342-D52CED5A9937}.Debug|Any CPU.Build.0 = Debug|Any CPU
		{FD6A34FE-F77D-4F4C-A342-D52CED5A9937}.Debug|ARM.ActiveCfg = Debug|Any CPU
		{FD6A34FE-F77D-4F4C-A342-D52CED5A9937}.Debug|ARM.Build.0 = Debug|Any CPU
		{FD6A34FE-F77D-4F4C-A342-D52CED5A9937}.Debug|iPhone.ActiveCfg = Debug|Any CPU
		{FD6A34FE-F77D-4F4C-A342-D52CED5A9937}.Debug|iPhone.Build.0 = Debug|Any CPU
		{FD6A34FE-F77D-4F4C-A342-D52CED5A9937}.Debug|iPhoneSimulator.ActiveCfg = Debug|Any CPU
		{FD6A34FE-F77D-4F4C-A342-D52CED5A9937}.Debug|iPhoneSimulator.Build.0 = Debug|Any CPU
		{FD6A34FE-F77D-4F4C-A342-D52CED5A9937}.Debug|x64.ActiveCfg = Debug|Any CPU
		{FD6A34FE-F77D-4F4C-A342-D52CED5A9937}.Debug|x64.Build.0 = Debug|Any CPU
		{FD6A34FE-F77D-4F4C-A342-D52CED5A9937}.Debug|x86.ActiveCfg = Debug|Any CPU
		{FD6A34FE-F77D-4F4C-A342-D52CED5A9937}.Debug|x86.Build.0 = Debug|Any CPU
		{FD6A34FE-F77D-4F4C-A342-D52CED5A9937}.Release|Any CPU.ActiveCfg = Release|Any CPU
		{FD6A34FE-F77D-4F4C-A342-D52CED5A9937}.Release|Any CPU.Build.0 = Release|Any CPU
		{FD6A34FE-F77D-4F4C-A342-D52CED5A9937}.Release|ARM.ActiveCfg = Release|Any CPU
		{FD6A34FE-F77D-4F4C-A342-D52CED5A9937}.Release|ARM.Build.0 = Release|Any CPU
		{FD6A34FE-F77D-4F4C-A342-D52CED5A9937}.Release|iPhone.ActiveCfg = Release|Any CPU
		{FD6A34FE-F77D-4F4C-A342-D52CED5A9937}.Release|iPhone.Build.0 = Release|Any CPU
		{FD6A34FE-F77D-4F4C-A342-D52CED5A9937}.Release|iPhoneSimulator.ActiveCfg = Release|Any CPU
		{FD6A34FE-F77D-4F4C-A342-D52CED5A9937}.Release|iPhoneSimulator.Build.0 = Release|Any CPU
		{FD6A34FE-F77D-4F4C-A342-D52CED5A9937}.Release|x64.ActiveCfg = Release|Any CPU
		{FD6A34FE-F77D-4F4C-A342-D52CED5A9937}.Release|x64.Build.0 = Release|Any CPU
		{FD6A34FE-F77D-4F4C-A342-D52CED5A9937}.Release|x86.ActiveCfg = Release|Any CPU
		{FD6A34FE-F77D-4F4C-A342-D52CED5A9937}.Release|x86.Build.0 = Release|Any CPU
		{2DFB97BC-D47A-47F0-ACF9-702979EDE758}.Ad-Hoc|Any CPU.ActiveCfg = Release|Any CPU
		{2DFB97BC-D47A-47F0-ACF9-702979EDE758}.Ad-Hoc|Any CPU.Build.0 = Release|Any CPU
		{2DFB97BC-D47A-47F0-ACF9-702979EDE758}.Ad-Hoc|ARM.ActiveCfg = Release|Any CPU
		{2DFB97BC-D47A-47F0-ACF9-702979EDE758}.Ad-Hoc|ARM.Build.0 = Release|Any CPU
		{2DFB97BC-D47A-47F0-ACF9-702979EDE758}.Ad-Hoc|iPhone.ActiveCfg = Release|Any CPU
		{2DFB97BC-D47A-47F0-ACF9-702979EDE758}.Ad-Hoc|iPhone.Build.0 = Release|Any CPU
		{2DFB97BC-D47A-47F0-ACF9-702979EDE758}.Ad-Hoc|iPhoneSimulator.ActiveCfg = Release|Any CPU
		{2DFB97BC-D47A-47F0-ACF9-702979EDE758}.Ad-Hoc|iPhoneSimulator.Build.0 = Release|Any CPU
		{2DFB97BC-D47A-47F0-ACF9-702979EDE758}.Ad-Hoc|x64.ActiveCfg = Release|Any CPU
		{2DFB97BC-D47A-47F0-ACF9-702979EDE758}.Ad-Hoc|x64.Build.0 = Release|Any CPU
		{2DFB97BC-D47A-47F0-ACF9-702979EDE758}.Ad-Hoc|x86.ActiveCfg = Release|Any CPU
		{2DFB97BC-D47A-47F0-ACF9-702979EDE758}.Ad-Hoc|x86.Build.0 = Release|Any CPU
		{2DFB97BC-D47A-47F0-ACF9-702979EDE758}.AppStore|Any CPU.ActiveCfg = Release|Any CPU
		{2DFB97BC-D47A-47F0-ACF9-702979EDE758}.AppStore|Any CPU.Build.0 = Release|Any CPU
		{2DFB97BC-D47A-47F0-ACF9-702979EDE758}.AppStore|ARM.ActiveCfg = Release|Any CPU
		{2DFB97BC-D47A-47F0-ACF9-702979EDE758}.AppStore|ARM.Build.0 = Release|Any CPU
		{2DFB97BC-D47A-47F0-ACF9-702979EDE758}.AppStore|iPhone.ActiveCfg = Release|Any CPU
		{2DFB97BC-D47A-47F0-ACF9-702979EDE758}.AppStore|iPhone.Build.0 = Release|Any CPU
		{2DFB97BC-D47A-47F0-ACF9-702979EDE758}.AppStore|iPhoneSimulator.ActiveCfg = Release|Any CPU
		{2DFB97BC-D47A-47F0-ACF9-702979EDE758}.AppStore|iPhoneSimulator.Build.0 = Release|Any CPU
		{2DFB97BC-D47A-47F0-ACF9-702979EDE758}.AppStore|x64.ActiveCfg = Release|Any CPU
		{2DFB97BC-D47A-47F0-ACF9-702979EDE758}.AppStore|x64.Build.0 = Release|Any CPU
		{2DFB97BC-D47A-47F0-ACF9-702979EDE758}.AppStore|x86.ActiveCfg = Release|Any CPU
		{2DFB97BC-D47A-47F0-ACF9-702979EDE758}.AppStore|x86.Build.0 = Release|Any CPU
		{2DFB97BC-D47A-47F0-ACF9-702979EDE758}.Debug|Any CPU.ActiveCfg = Debug|Any CPU
		{2DFB97BC-D47A-47F0-ACF9-702979EDE758}.Debug|Any CPU.Build.0 = Debug|Any CPU
		{2DFB97BC-D47A-47F0-ACF9-702979EDE758}.Debug|ARM.ActiveCfg = Debug|Any CPU
		{2DFB97BC-D47A-47F0-ACF9-702979EDE758}.Debug|ARM.Build.0 = Debug|Any CPU
		{2DFB97BC-D47A-47F0-ACF9-702979EDE758}.Debug|iPhone.ActiveCfg = Debug|Any CPU
		{2DFB97BC-D47A-47F0-ACF9-702979EDE758}.Debug|iPhone.Build.0 = Debug|Any CPU
		{2DFB97BC-D47A-47F0-ACF9-702979EDE758}.Debug|iPhoneSimulator.ActiveCfg = Debug|Any CPU
		{2DFB97BC-D47A-47F0-ACF9-702979EDE758}.Debug|iPhoneSimulator.Build.0 = Debug|Any CPU
		{2DFB97BC-D47A-47F0-ACF9-702979EDE758}.Debug|x64.ActiveCfg = Debug|Any CPU
		{2DFB97BC-D47A-47F0-ACF9-702979EDE758}.Debug|x64.Build.0 = Debug|Any CPU
		{2DFB97BC-D47A-47F0-ACF9-702979EDE758}.Debug|x86.ActiveCfg = Debug|Any CPU
		{2DFB97BC-D47A-47F0-ACF9-702979EDE758}.Debug|x86.Build.0 = Debug|Any CPU
		{2DFB97BC-D47A-47F0-ACF9-702979EDE758}.Release|Any CPU.ActiveCfg = Release|Any CPU
		{2DFB97BC-D47A-47F0-ACF9-702979EDE758}.Release|Any CPU.Build.0 = Release|Any CPU
		{2DFB97BC-D47A-47F0-ACF9-702979EDE758}.Release|ARM.ActiveCfg = Release|Any CPU
		{2DFB97BC-D47A-47F0-ACF9-702979EDE758}.Release|ARM.Build.0 = Release|Any CPU
		{2DFB97BC-D47A-47F0-ACF9-702979EDE758}.Release|iPhone.ActiveCfg = Release|Any CPU
		{2DFB97BC-D47A-47F0-ACF9-702979EDE758}.Release|iPhone.Build.0 = Release|Any CPU
		{2DFB97BC-D47A-47F0-ACF9-702979EDE758}.Release|iPhoneSimulator.ActiveCfg = Release|Any CPU
		{2DFB97BC-D47A-47F0-ACF9-702979EDE758}.Release|iPhoneSimulator.Build.0 = Release|Any CPU
		{2DFB97BC-D47A-47F0-ACF9-702979EDE758}.Release|x64.ActiveCfg = Release|Any CPU
		{2DFB97BC-D47A-47F0-ACF9-702979EDE758}.Release|x64.Build.0 = Release|Any CPU
		{2DFB97BC-D47A-47F0-ACF9-702979EDE758}.Release|x86.ActiveCfg = Release|Any CPU
		{2DFB97BC-D47A-47F0-ACF9-702979EDE758}.Release|x86.Build.0 = Release|Any CPU
		{9DF16A79-E196-4EFC-8384-C3812B55691C}.Ad-Hoc|Any CPU.ActiveCfg = Release|Any CPU
		{9DF16A79-E196-4EFC-8384-C3812B55691C}.Ad-Hoc|Any CPU.Build.0 = Release|Any CPU
		{9DF16A79-E196-4EFC-8384-C3812B55691C}.Ad-Hoc|ARM.ActiveCfg = Release|Any CPU
		{9DF16A79-E196-4EFC-8384-C3812B55691C}.Ad-Hoc|ARM.Build.0 = Release|Any CPU
		{9DF16A79-E196-4EFC-8384-C3812B55691C}.Ad-Hoc|iPhone.ActiveCfg = Release|Any CPU
		{9DF16A79-E196-4EFC-8384-C3812B55691C}.Ad-Hoc|iPhone.Build.0 = Release|Any CPU
		{9DF16A79-E196-4EFC-8384-C3812B55691C}.Ad-Hoc|iPhoneSimulator.ActiveCfg = Release|Any CPU
		{9DF16A79-E196-4EFC-8384-C3812B55691C}.Ad-Hoc|iPhoneSimulator.Build.0 = Release|Any CPU
		{9DF16A79-E196-4EFC-8384-C3812B55691C}.Ad-Hoc|x64.ActiveCfg = Release|Any CPU
		{9DF16A79-E196-4EFC-8384-C3812B55691C}.Ad-Hoc|x64.Build.0 = Release|Any CPU
		{9DF16A79-E196-4EFC-8384-C3812B55691C}.Ad-Hoc|x86.ActiveCfg = Release|Any CPU
		{9DF16A79-E196-4EFC-8384-C3812B55691C}.Ad-Hoc|x86.Build.0 = Release|Any CPU
		{9DF16A79-E196-4EFC-8384-C3812B55691C}.AppStore|Any CPU.ActiveCfg = Release|Any CPU
		{9DF16A79-E196-4EFC-8384-C3812B55691C}.AppStore|Any CPU.Build.0 = Release|Any CPU
		{9DF16A79-E196-4EFC-8384-C3812B55691C}.AppStore|ARM.ActiveCfg = Release|Any CPU
		{9DF16A79-E196-4EFC-8384-C3812B55691C}.AppStore|ARM.Build.0 = Release|Any CPU
		{9DF16A79-E196-4EFC-8384-C3812B55691C}.AppStore|iPhone.ActiveCfg = Release|Any CPU
		{9DF16A79-E196-4EFC-8384-C3812B55691C}.AppStore|iPhone.Build.0 = Release|Any CPU
		{9DF16A79-E196-4EFC-8384-C3812B55691C}.AppStore|iPhoneSimulator.ActiveCfg = Release|Any CPU
		{9DF16A79-E196-4EFC-8384-C3812B55691C}.AppStore|iPhoneSimulator.Build.0 = Release|Any CPU
		{9DF16A79-E196-4EFC-8384-C3812B55691C}.AppStore|x64.ActiveCfg = Release|Any CPU
		{9DF16A79-E196-4EFC-8384-C3812B55691C}.AppStore|x64.Build.0 = Release|Any CPU
		{9DF16A79-E196-4EFC-8384-C3812B55691C}.AppStore|x86.ActiveCfg = Release|Any CPU
		{9DF16A79-E196-4EFC-8384-C3812B55691C}.AppStore|x86.Build.0 = Release|Any CPU
		{9DF16A79-E196-4EFC-8384-C3812B55691C}.Debug|Any CPU.ActiveCfg = Debug|Any CPU
		{9DF16A79-E196-4EFC-8384-C3812B55691C}.Debug|Any CPU.Build.0 = Debug|Any CPU
		{9DF16A79-E196-4EFC-8384-C3812B55691C}.Debug|ARM.ActiveCfg = Debug|Any CPU
		{9DF16A79-E196-4EFC-8384-C3812B55691C}.Debug|ARM.Build.0 = Debug|Any CPU
		{9DF16A79-E196-4EFC-8384-C3812B55691C}.Debug|iPhone.ActiveCfg = Debug|Any CPU
		{9DF16A79-E196-4EFC-8384-C3812B55691C}.Debug|iPhone.Build.0 = Debug|Any CPU
		{9DF16A79-E196-4EFC-8384-C3812B55691C}.Debug|iPhoneSimulator.ActiveCfg = Debug|Any CPU
		{9DF16A79-E196-4EFC-8384-C3812B55691C}.Debug|iPhoneSimulator.Build.0 = Debug|Any CPU
		{9DF16A79-E196-4EFC-8384-C3812B55691C}.Debug|x64.ActiveCfg = Debug|Any CPU
		{9DF16A79-E196-4EFC-8384-C3812B55691C}.Debug|x64.Build.0 = Debug|Any CPU
		{9DF16A79-E196-4EFC-8384-C3812B55691C}.Debug|x86.ActiveCfg = Debug|Any CPU
		{9DF16A79-E196-4EFC-8384-C3812B55691C}.Debug|x86.Build.0 = Debug|Any CPU
		{9DF16A79-E196-4EFC-8384-C3812B55691C}.Release|Any CPU.ActiveCfg = Release|Any CPU
		{9DF16A79-E196-4EFC-8384-C3812B55691C}.Release|Any CPU.Build.0 = Release|Any CPU
		{9DF16A79-E196-4EFC-8384-C3812B55691C}.Release|ARM.ActiveCfg = Release|Any CPU
		{9DF16A79-E196-4EFC-8384-C3812B55691C}.Release|ARM.Build.0 = Release|Any CPU
		{9DF16A79-E196-4EFC-8384-C3812B55691C}.Release|iPhone.ActiveCfg = Release|Any CPU
		{9DF16A79-E196-4EFC-8384-C3812B55691C}.Release|iPhone.Build.0 = Release|Any CPU
		{9DF16A79-E196-4EFC-8384-C3812B55691C}.Release|iPhoneSimulator.ActiveCfg = Release|Any CPU
		{9DF16A79-E196-4EFC-8384-C3812B55691C}.Release|iPhoneSimulator.Build.0 = Release|Any CPU
		{9DF16A79-E196-4EFC-8384-C3812B55691C}.Release|x64.ActiveCfg = Release|Any CPU
		{9DF16A79-E196-4EFC-8384-C3812B55691C}.Release|x64.Build.0 = Release|Any CPU
		{9DF16A79-E196-4EFC-8384-C3812B55691C}.Release|x86.ActiveCfg = Release|Any CPU
		{9DF16A79-E196-4EFC-8384-C3812B55691C}.Release|x86.Build.0 = Release|Any CPU
	EndGlobalSection
	GlobalSection(SolutionProperties) = preSolution
		HideSolutionNode = FALSE
	EndGlobalSection
	GlobalSection(ExtensibilityGlobals) = postSolution
		SolutionGuid = {F776ABA8-B8D0-4DEF-9215-FAA7E35FAFB0}
	EndGlobalSection
EndGlobal
