
Microsoft Visual Studio Solution File, Format Version 12.00
# Visual Studio 15
VisualStudioVersion = 15.0.27428.2037
MinimumVisualStudioVersion = 10.0.40219.1
Project("{9A19103F-16F7-4668-BE54-9A1E7A4F7556}") = "Network", "Network\Network.csproj", "{FD6A34FE-F77D-4F4C-A342-D52CED5A9937}"
EndProject
Project("{FAE04EC0-301F-11D3-BF4B-00C04F79EFBC}") = "Server.DispatchServer", "Server\Server.DispatchServer\Server.DispatchServer.csproj", "{2DFB97BC-D47A-47F0-ACF9-702979EDE758}"
EndProject
Project("{FAE04EC0-301F-11D3-BF4B-00C04F79EFBC}") = "Server.GameServer", "Server\Server.GameServer\Server.GameServer.csproj", "{9DF16A79-E196-4EFC-8384-C3812B55691C}"
EndProject
Project("{FAE04EC0-301F-11D3-BF4B-00C04F79EFBC}") = "Website", "Website\Website.csproj", "{F55AB5B7-945E-477D-84AE-577C31464A84}"
EndProject
Project("{FAE04EC0-301F-11D3-BF4B-00C04F79EFBC}") = "DataRepositories", "DataRepositories\DataRepositories.csproj", "{603F0313-3E25-4142-8487-CEC37669E0DE}"
EndProject
Project("{FAE04EC0-301F-11D3-BF4B-00C04F79EFBC}") = "Server.Watcher", "Server\Server.Watcher\Server.Watcher.csproj", "{7CDE6084-8950-4D4F-8F95-EE17C7287F00}"
EndProject
Project("{FAE04EC0-301F-11D3-BF4B-00C04F79EFBC}") = "DataModels", "DataModels\DataModels.csproj", "{5617D24D-807A-445F-AC2F-6774B442761E}"
EndProject
Project("{9A19103F-16F7-4668-BE54-9A1E7A4F7556}") = "AiosKingdom", "AiosKingdom\AiosKingdom\AiosKingdom.csproj", "{4BDC4B9F-4945-4815-8227-60DDAA5FADE8}"
EndProject
Project("{FAE04EC0-301F-11D3-BF4B-00C04F79EFBC}") = "AiosKingdom.UWP", "AiosKingdom\AiosKingdom.UWP\AiosKingdom.UWP.csproj", "{B0F0DDE0-73A6-4D53-B5D2-08DFE335C58E}"
EndProject
Global
	GlobalSection(SolutionConfigurationPlatforms) = preSolution
		Ad-Hoc|Any CPU = Ad-Hoc|Any CPU
		Ad-Hoc|ARM = Ad-Hoc|ARM
		Ad-Hoc|iPhone = Ad-Hoc|iPhone
		Ad-Hoc|iPhoneSimulator = Ad-Hoc|iPhoneSimulator
		Ad-Hoc|x64 = Ad-Hoc|x64
		Ad-Hoc|x86 = Ad-Hoc|x86
		AppStore|Any CPU = AppStore|Any CPU
		AppStore|ARM = AppStore|ARM
		AppStore|iPhone = AppStore|iPhone
		AppStore|iPhoneSimulator = AppStore|iPhoneSimulator
		AppStore|x64 = AppStore|x64
		AppStore|x86 = AppStore|x86
		Debug|Any CPU = Debug|Any CPU
		Debug|ARM = Debug|ARM
		Debug|iPhone = Debug|iPhone
		Debug|iPhoneSimulator = Debug|iPhoneSimulator
		Debug|x64 = Debug|x64
		Debug|x86 = Debug|x86
		Release|Any CPU = Release|Any CPU
		Release|ARM = Release|ARM
		Release|iPhone = Release|iPhone
		Release|iPhoneSimulator = Release|iPhoneSimulator
		Release|x64 = Release|x64
		Release|x86 = Release|x86
	EndGlobalSection
	GlobalSection(ProjectConfigurationPlatforms) = postSolution
		{FD6A34FE-F77D-4F4C-A342-D52CED5A9937}.Ad-Hoc|Any CPU.ActiveCfg = Debug|Any CPU
		{FD6A34FE-F77D-4F4C-A342-D52CED5A9937}.Ad-Hoc|Any CPU.Build.0 = Debug|Any CPU
		{FD6A34FE-F77D-4F4C-A342-D52CED5A9937}.Ad-Hoc|ARM.ActiveCfg = Debug|Any CPU
		{FD6A34FE-F77D-4F4C-A342-D52CED5A9937}.Ad-Hoc|ARM.Build.0 = Debug|Any CPU
		{FD6A34FE-F77D-4F4C-A342-D52CED5A9937}.Ad-Hoc|iPhone.ActiveCfg = Debug|Any CPU
		{FD6A34FE-F77D-4F4C-A342-D52CED5A9937}.Ad-Hoc|iPhone.Build.0 = Debug|Any CPU
		{FD6A34FE-F77D-4F4C-A342-D52CED5A9937}.Ad-Hoc|iPhoneSimulator.ActiveCfg = Debug|Any CPU
		{FD6A34FE-F77D-4F4C-A342-D52CED5A9937}.Ad-Hoc|iPhoneSimulator.Build.0 = Debug|Any CPU
		{FD6A34FE-F77D-4F4C-A342-D52CED5A9937}.Ad-Hoc|x64.ActiveCfg = Debug|Any CPU
		{FD6A34FE-F77D-4F4C-A342-D52CED5A9937}.Ad-Hoc|x64.Build.0 = Debug|Any CPU
		{FD6A34FE-F77D-4F4C-A342-D52CED5A9937}.Ad-Hoc|x86.ActiveCfg = Debug|Any CPU
		{FD6A34FE-F77D-4F4C-A342-D52CED5A9937}.Ad-Hoc|x86.Build.0 = Debug|Any CPU
		{FD6A34FE-F77D-4F4C-A342-D52CED5A9937}.AppStore|Any CPU.ActiveCfg = Debug|Any CPU
		{FD6A34FE-F77D-4F4C-A342-D52CED5A9937}.AppStore|Any CPU.Build.0 = Debug|Any CPU
		{FD6A34FE-F77D-4F4C-A342-D52CED5A9937}.AppStore|ARM.ActiveCfg = Debug|Any CPU
		{FD6A34FE-F77D-4F4C-A342-D52CED5A9937}.AppStore|ARM.Build.0 = Debug|Any CPU
		{FD6A34FE-F77D-4F4C-A342-D52CED5A9937}.AppStore|iPhone.ActiveCfg = Debug|Any CPU
		{FD6A34FE-F77D-4F4C-A342-D52CED5A9937}.AppStore|iPhone.Build.0 = Debug|Any CPU
		{FD6A34FE-F77D-4F4C-A342-D52CED5A9937}.AppStore|iPhoneSimulator.ActiveCfg = Debug|Any CPU
		{FD6A34FE-F77D-4F4C-A342-D52CED5A9937}.AppStore|iPhoneSimulator.Build.0 = Debug|Any CPU
		{FD6A34FE-F77D-4F4C-A342-D52CED5A9937}.AppStore|x64.ActiveCfg = Debug|Any CPU
		{FD6A34FE-F77D-4F4C-A342-D52CED5A9937}.AppStore|x64.Build.0 = Debug|Any CPU
		{FD6A34FE-F77D-4F4C-A342-D52CED5A9937}.AppStore|x86.ActiveCfg = Debug|Any CPU
		{FD6A34FE-F77D-4F4C-A342-D52CED5A9937}.AppStore|x86.Build.0 = Debug|Any CPU
		{FD6A34FE-F77D-4F4C-A342-D52CED5A9937}.Debug|Any CPU.ActiveCfg = Debug|Any CPU
		{FD6A34FE-F77D-4F4C-A342-D52CED5A9937}.Debug|Any CPU.Build.0 = Debug|Any CPU
		{FD6A34FE-F77D-4F4C-A342-D52CED5A9937}.Debug|ARM.ActiveCfg = Debug|Any CPU
		{FD6A34FE-F77D-4F4C-A342-D52CED5A9937}.Debug|ARM.Build.0 = Debug|Any CPU
		{FD6A34FE-F77D-4F4C-A342-D52CED5A9937}.Debug|iPhone.ActiveCfg = Debug|Any CPU
		{FD6A34FE-F77D-4F4C-A342-D52CED5A9937}.Debug|iPhone.Build.0 = Debug|Any CPU
		{FD6A34FE-F77D-4F4C-A342-D52CED5A9937}.Debug|iPhoneSimulator.ActiveCfg = Debug|Any CPU
		{FD6A34FE-F77D-4F4C-A342-D52CED5A9937}.Debug|iPhoneSimulator.Build.0 = Debug|Any CPU
		{FD6A34FE-F77D-4F4C-A342-D52CED5A9937}.Debug|x64.ActiveCfg = Debug|Any CPU
		{FD6A34FE-F77D-4F4C-A342-D52CED5A9937}.Debug|x64.Build.0 = Debug|Any CPU
		{FD6A34FE-F77D-4F4C-A342-D52CED5A9937}.Debug|x86.ActiveCfg = Debug|Any CPU
		{FD6A34FE-F77D-4F4C-A342-D52CED5A9937}.Debug|x86.Build.0 = Debug|Any CPU
		{FD6A34FE-F77D-4F4C-A342-D52CED5A9937}.Release|Any CPU.ActiveCfg = Release|Any CPU
		{FD6A34FE-F77D-4F4C-A342-D52CED5A9937}.Release|Any CPU.Build.0 = Release|Any CPU
		{FD6A34FE-F77D-4F4C-A342-D52CED5A9937}.Release|ARM.ActiveCfg = Release|Any CPU
		{FD6A34FE-F77D-4F4C-A342-D52CED5A9937}.Release|ARM.Build.0 = Release|Any CPU
		{FD6A34FE-F77D-4F4C-A342-D52CED5A9937}.Release|iPhone.ActiveCfg = Release|Any CPU
		{FD6A34FE-F77D-4F4C-A342-D52CED5A9937}.Release|iPhone.Build.0 = Release|Any CPU
		{FD6A34FE-F77D-4F4C-A342-D52CED5A9937}.Release|iPhoneSimulator.ActiveCfg = Release|Any CPU
		{FD6A34FE-F77D-4F4C-A342-D52CED5A9937}.Release|iPhoneSimulator.Build.0 = Release|Any CPU
		{FD6A34FE-F77D-4F4C-A342-D52CED5A9937}.Release|x64.ActiveCfg = Release|Any CPU
		{FD6A34FE-F77D-4F4C-A342-D52CED5A9937}.Release|x64.Build.0 = Release|Any CPU
		{FD6A34FE-F77D-4F4C-A342-D52CED5A9937}.Release|x86.ActiveCfg = Release|Any CPU
		{FD6A34FE-F77D-4F4C-A342-D52CED5A9937}.Release|x86.Build.0 = Release|Any CPU
		{2DFB97BC-D47A-47F0-ACF9-702979EDE758}.Ad-Hoc|Any CPU.ActiveCfg = Release|Any CPU
		{2DFB97BC-D47A-47F0-ACF9-702979EDE758}.Ad-Hoc|Any CPU.Build.0 = Release|Any CPU
		{2DFB97BC-D47A-47F0-ACF9-702979EDE758}.Ad-Hoc|ARM.ActiveCfg = Release|Any CPU
		{2DFB97BC-D47A-47F0-ACF9-702979EDE758}.Ad-Hoc|ARM.Build.0 = Release|Any CPU
		{2DFB97BC-D47A-47F0-ACF9-702979EDE758}.Ad-Hoc|iPhone.ActiveCfg = Release|Any CPU
		{2DFB97BC-D47A-47F0-ACF9-702979EDE758}.Ad-Hoc|iPhone.Build.0 = Release|Any CPU
		{2DFB97BC-D47A-47F0-ACF9-702979EDE758}.Ad-Hoc|iPhoneSimulator.ActiveCfg = Release|Any CPU
		{2DFB97BC-D47A-47F0-ACF9-702979EDE758}.Ad-Hoc|iPhoneSimulator.Build.0 = Release|Any CPU
		{2DFB97BC-D47A-47F0-ACF9-702979EDE758}.Ad-Hoc|x64.ActiveCfg = Release|Any CPU
		{2DFB97BC-D47A-47F0-ACF9-702979EDE758}.Ad-Hoc|x64.Build.0 = Release|Any CPU
		{2DFB97BC-D47A-47F0-ACF9-702979EDE758}.Ad-Hoc|x86.ActiveCfg = Release|Any CPU
		{2DFB97BC-D47A-47F0-ACF9-702979EDE758}.Ad-Hoc|x86.Build.0 = Release|Any CPU
		{2DFB97BC-D47A-47F0-ACF9-702979EDE758}.AppStore|Any CPU.ActiveCfg = Release|Any CPU
		{2DFB97BC-D47A-47F0-ACF9-702979EDE758}.AppStore|Any CPU.Build.0 = Release|Any CPU
		{2DFB97BC-D47A-47F0-ACF9-702979EDE758}.AppStore|ARM.ActiveCfg = Release|Any CPU
		{2DFB97BC-D47A-47F0-ACF9-702979EDE758}.AppStore|ARM.Build.0 = Release|Any CPU
		{2DFB97BC-D47A-47F0-ACF9-702979EDE758}.AppStore|iPhone.ActiveCfg = Release|Any CPU
		{2DFB97BC-D47A-47F0-ACF9-702979EDE758}.AppStore|iPhone.Build.0 = Release|Any CPU
		{2DFB97BC-D47A-47F0-ACF9-702979EDE758}.AppStore|iPhoneSimulator.ActiveCfg = Release|Any CPU
		{2DFB97BC-D47A-47F0-ACF9-702979EDE758}.AppStore|iPhoneSimulator.Build.0 = Release|Any CPU
		{2DFB97BC-D47A-47F0-ACF9-702979EDE758}.AppStore|x64.ActiveCfg = Release|Any CPU
		{2DFB97BC-D47A-47F0-ACF9-702979EDE758}.AppStore|x64.Build.0 = Release|Any CPU
		{2DFB97BC-D47A-47F0-ACF9-702979EDE758}.AppStore|x86.ActiveCfg = Release|Any CPU
		{2DFB97BC-D47A-47F0-ACF9-702979EDE758}.AppStore|x86.Build.0 = Release|Any CPU
		{2DFB97BC-D47A-47F0-ACF9-702979EDE758}.Debug|Any CPU.ActiveCfg = Debug|Any CPU
		{2DFB97BC-D47A-47F0-ACF9-702979EDE758}.Debug|Any CPU.Build.0 = Debug|Any CPU
		{2DFB97BC-D47A-47F0-ACF9-702979EDE758}.Debug|ARM.ActiveCfg = Debug|Any CPU
		{2DFB97BC-D47A-47F0-ACF9-702979EDE758}.Debug|ARM.Build.0 = Debug|Any CPU
		{2DFB97BC-D47A-47F0-ACF9-702979EDE758}.Debug|iPhone.ActiveCfg = Debug|Any CPU
		{2DFB97BC-D47A-47F0-ACF9-702979EDE758}.Debug|iPhone.Build.0 = Debug|Any CPU
		{2DFB97BC-D47A-47F0-ACF9-702979EDE758}.Debug|iPhoneSimulator.ActiveCfg = Debug|Any CPU
		{2DFB97BC-D47A-47F0-ACF9-702979EDE758}.Debug|iPhoneSimulator.Build.0 = Debug|Any CPU
		{2DFB97BC-D47A-47F0-ACF9-702979EDE758}.Debug|x64.ActiveCfg = Debug|Any CPU
		{2DFB97BC-D47A-47F0-ACF9-702979EDE758}.Debug|x64.Build.0 = Debug|Any CPU
		{2DFB97BC-D47A-47F0-ACF9-702979EDE758}.Debug|x86.ActiveCfg = Debug|Any CPU
		{2DFB97BC-D47A-47F0-ACF9-702979EDE758}.Debug|x86.Build.0 = Debug|Any CPU
		{2DFB97BC-D47A-47F0-ACF9-702979EDE758}.Release|Any CPU.ActiveCfg = Release|Any CPU
		{2DFB97BC-D47A-47F0-ACF9-702979EDE758}.Release|Any CPU.Build.0 = Release|Any CPU
		{2DFB97BC-D47A-47F0-ACF9-702979EDE758}.Release|ARM.ActiveCfg = Release|Any CPU
		{2DFB97BC-D47A-47F0-ACF9-702979EDE758}.Release|ARM.Build.0 = Release|Any CPU
		{2DFB97BC-D47A-47F0-ACF9-702979EDE758}.Release|iPhone.ActiveCfg = Release|Any CPU
		{2DFB97BC-D47A-47F0-ACF9-702979EDE758}.Release|iPhone.Build.0 = Release|Any CPU
		{2DFB97BC-D47A-47F0-ACF9-702979EDE758}.Release|iPhoneSimulator.ActiveCfg = Release|Any CPU
		{2DFB97BC-D47A-47F0-ACF9-702979EDE758}.Release|iPhoneSimulator.Build.0 = Release|Any CPU
		{2DFB97BC-D47A-47F0-ACF9-702979EDE758}.Release|x64.ActiveCfg = Release|Any CPU
		{2DFB97BC-D47A-47F0-ACF9-702979EDE758}.Release|x64.Build.0 = Release|Any CPU
		{2DFB97BC-D47A-47F0-ACF9-702979EDE758}.Release|x86.ActiveCfg = Release|Any CPU
		{2DFB97BC-D47A-47F0-ACF9-702979EDE758}.Release|x86.Build.0 = Release|Any CPU
		{9DF16A79-E196-4EFC-8384-C3812B55691C}.Ad-Hoc|Any CPU.ActiveCfg = Release|Any CPU
		{9DF16A79-E196-4EFC-8384-C3812B55691C}.Ad-Hoc|Any CPU.Build.0 = Release|Any CPU
		{9DF16A79-E196-4EFC-8384-C3812B55691C}.Ad-Hoc|ARM.ActiveCfg = Release|Any CPU
		{9DF16A79-E196-4EFC-8384-C3812B55691C}.Ad-Hoc|ARM.Build.0 = Release|Any CPU
		{9DF16A79-E196-4EFC-8384-C3812B55691C}.Ad-Hoc|iPhone.ActiveCfg = Release|Any CPU
		{9DF16A79-E196-4EFC-8384-C3812B55691C}.Ad-Hoc|iPhone.Build.0 = Release|Any CPU
		{9DF16A79-E196-4EFC-8384-C3812B55691C}.Ad-Hoc|iPhoneSimulator.ActiveCfg = Release|Any CPU
		{9DF16A79-E196-4EFC-8384-C3812B55691C}.Ad-Hoc|iPhoneSimulator.Build.0 = Release|Any CPU
		{9DF16A79-E196-4EFC-8384-C3812B55691C}.Ad-Hoc|x64.ActiveCfg = Release|Any CPU
		{9DF16A79-E196-4EFC-8384-C3812B55691C}.Ad-Hoc|x64.Build.0 = Release|Any CPU
		{9DF16A79-E196-4EFC-8384-C3812B55691C}.Ad-Hoc|x86.ActiveCfg = Release|Any CPU
		{9DF16A79-E196-4EFC-8384-C3812B55691C}.Ad-Hoc|x86.Build.0 = Release|Any CPU
		{9DF16A79-E196-4EFC-8384-C3812B55691C}.AppStore|Any CPU.ActiveCfg = Release|Any CPU
		{9DF16A79-E196-4EFC-8384-C3812B55691C}.AppStore|Any CPU.Build.0 = Release|Any CPU
		{9DF16A79-E196-4EFC-8384-C3812B55691C}.AppStore|ARM.ActiveCfg = Release|Any CPU
		{9DF16A79-E196-4EFC-8384-C3812B55691C}.AppStore|ARM.Build.0 = Release|Any CPU
		{9DF16A79-E196-4EFC-8384-C3812B55691C}.AppStore|iPhone.ActiveCfg = Release|Any CPU
		{9DF16A79-E196-4EFC-8384-C3812B55691C}.AppStore|iPhone.Build.0 = Release|Any CPU
		{9DF16A79-E196-4EFC-8384-C3812B55691C}.AppStore|iPhoneSimulator.ActiveCfg = Release|Any CPU
		{9DF16A79-E196-4EFC-8384-C3812B55691C}.AppStore|iPhoneSimulator.Build.0 = Release|Any CPU
		{9DF16A79-E196-4EFC-8384-C3812B55691C}.AppStore|x64.ActiveCfg = Release|Any CPU
		{9DF16A79-E196-4EFC-8384-C3812B55691C}.AppStore|x64.Build.0 = Release|Any CPU
		{9DF16A79-E196-4EFC-8384-C3812B55691C}.AppStore|x86.ActiveCfg = Release|Any CPU
		{9DF16A79-E196-4EFC-8384-C3812B55691C}.AppStore|x86.Build.0 = Release|Any CPU
		{9DF16A79-E196-4EFC-8384-C3812B55691C}.Debug|Any CPU.ActiveCfg = Debug|Any CPU
		{9DF16A79-E196-4EFC-8384-C3812B55691C}.Debug|Any CPU.Build.0 = Debug|Any CPU
		{9DF16A79-E196-4EFC-8384-C3812B55691C}.Debug|ARM.ActiveCfg = Debug|Any CPU
		{9DF16A79-E196-4EFC-8384-C3812B55691C}.Debug|ARM.Build.0 = Debug|Any CPU
		{9DF16A79-E196-4EFC-8384-C3812B55691C}.Debug|iPhone.ActiveCfg = Debug|Any CPU
		{9DF16A79-E196-4EFC-8384-C3812B55691C}.Debug|iPhone.Build.0 = Debug|Any CPU
		{9DF16A79-E196-4EFC-8384-C3812B55691C}.Debug|iPhoneSimulator.ActiveCfg = Debug|Any CPU
		{9DF16A79-E196-4EFC-8384-C3812B55691C}.Debug|iPhoneSimulator.Build.0 = Debug|Any CPU
		{9DF16A79-E196-4EFC-8384-C3812B55691C}.Debug|x64.ActiveCfg = Debug|Any CPU
		{9DF16A79-E196-4EFC-8384-C3812B55691C}.Debug|x64.Build.0 = Debug|Any CPU
		{9DF16A79-E196-4EFC-8384-C3812B55691C}.Debug|x86.ActiveCfg = Debug|Any CPU
		{9DF16A79-E196-4EFC-8384-C3812B55691C}.Debug|x86.Build.0 = Debug|Any CPU
		{9DF16A79-E196-4EFC-8384-C3812B55691C}.Release|Any CPU.ActiveCfg = Release|Any CPU
		{9DF16A79-E196-4EFC-8384-C3812B55691C}.Release|Any CPU.Build.0 = Release|Any CPU
		{9DF16A79-E196-4EFC-8384-C3812B55691C}.Release|ARM.ActiveCfg = Release|Any CPU
		{9DF16A79-E196-4EFC-8384-C3812B55691C}.Release|ARM.Build.0 = Release|Any CPU
		{9DF16A79-E196-4EFC-8384-C3812B55691C}.Release|iPhone.ActiveCfg = Release|Any CPU
		{9DF16A79-E196-4EFC-8384-C3812B55691C}.Release|iPhone.Build.0 = Release|Any CPU
		{9DF16A79-E196-4EFC-8384-C3812B55691C}.Release|iPhoneSimulator.ActiveCfg = Release|Any CPU
		{9DF16A79-E196-4EFC-8384-C3812B55691C}.Release|iPhoneSimulator.Build.0 = Release|Any CPU
		{9DF16A79-E196-4EFC-8384-C3812B55691C}.Release|x64.ActiveCfg = Release|Any CPU
		{9DF16A79-E196-4EFC-8384-C3812B55691C}.Release|x64.Build.0 = Release|Any CPU
		{9DF16A79-E196-4EFC-8384-C3812B55691C}.Release|x86.ActiveCfg = Release|Any CPU
		{9DF16A79-E196-4EFC-8384-C3812B55691C}.Release|x86.Build.0 = Release|Any CPU
		{F55AB5B7-945E-477D-84AE-577C31464A84}.Ad-Hoc|Any CPU.ActiveCfg = Release|Any CPU
		{F55AB5B7-945E-477D-84AE-577C31464A84}.Ad-Hoc|Any CPU.Build.0 = Release|Any CPU
		{F55AB5B7-945E-477D-84AE-577C31464A84}.Ad-Hoc|ARM.ActiveCfg = Release|Any CPU
		{F55AB5B7-945E-477D-84AE-577C31464A84}.Ad-Hoc|ARM.Build.0 = Release|Any CPU
		{F55AB5B7-945E-477D-84AE-577C31464A84}.Ad-Hoc|iPhone.ActiveCfg = Release|Any CPU
		{F55AB5B7-945E-477D-84AE-577C31464A84}.Ad-Hoc|iPhone.Build.0 = Release|Any CPU
		{F55AB5B7-945E-477D-84AE-577C31464A84}.Ad-Hoc|iPhoneSimulator.ActiveCfg = Release|Any CPU
		{F55AB5B7-945E-477D-84AE-577C31464A84}.Ad-Hoc|iPhoneSimulator.Build.0 = Release|Any CPU
		{F55AB5B7-945E-477D-84AE-577C31464A84}.Ad-Hoc|x64.ActiveCfg = Release|Any CPU
		{F55AB5B7-945E-477D-84AE-577C31464A84}.Ad-Hoc|x64.Build.0 = Release|Any CPU
		{F55AB5B7-945E-477D-84AE-577C31464A84}.Ad-Hoc|x86.ActiveCfg = Release|Any CPU
		{F55AB5B7-945E-477D-84AE-577C31464A84}.Ad-Hoc|x86.Build.0 = Release|Any CPU
		{F55AB5B7-945E-477D-84AE-577C31464A84}.AppStore|Any CPU.ActiveCfg = Release|Any CPU
		{F55AB5B7-945E-477D-84AE-577C31464A84}.AppStore|Any CPU.Build.0 = Release|Any CPU
		{F55AB5B7-945E-477D-84AE-577C31464A84}.AppStore|ARM.ActiveCfg = Release|Any CPU
		{F55AB5B7-945E-477D-84AE-577C31464A84}.AppStore|ARM.Build.0 = Release|Any CPU
		{F55AB5B7-945E-477D-84AE-577C31464A84}.AppStore|iPhone.ActiveCfg = Release|Any CPU
		{F55AB5B7-945E-477D-84AE-577C31464A84}.AppStore|iPhone.Build.0 = Release|Any CPU
		{F55AB5B7-945E-477D-84AE-577C31464A84}.AppStore|iPhoneSimulator.ActiveCfg = Release|Any CPU
		{F55AB5B7-945E-477D-84AE-577C31464A84}.AppStore|iPhoneSimulator.Build.0 = Release|Any CPU
		{F55AB5B7-945E-477D-84AE-577C31464A84}.AppStore|x64.ActiveCfg = Release|Any CPU
		{F55AB5B7-945E-477D-84AE-577C31464A84}.AppStore|x64.Build.0 = Release|Any CPU
		{F55AB5B7-945E-477D-84AE-577C31464A84}.AppStore|x86.ActiveCfg = Release|Any CPU
		{F55AB5B7-945E-477D-84AE-577C31464A84}.AppStore|x86.Build.0 = Release|Any CPU
		{F55AB5B7-945E-477D-84AE-577C31464A84}.Debug|Any CPU.ActiveCfg = Debug|Any CPU
		{F55AB5B7-945E-477D-84AE-577C31464A84}.Debug|Any CPU.Build.0 = Debug|Any CPU
		{F55AB5B7-945E-477D-84AE-577C31464A84}.Debug|ARM.ActiveCfg = Debug|Any CPU
		{F55AB5B7-945E-477D-84AE-577C31464A84}.Debug|ARM.Build.0 = Debug|Any CPU
		{F55AB5B7-945E-477D-84AE-577C31464A84}.Debug|iPhone.ActiveCfg = Debug|Any CPU
		{F55AB5B7-945E-477D-84AE-577C31464A84}.Debug|iPhone.Build.0 = Debug|Any CPU
		{F55AB5B7-945E-477D-84AE-577C31464A84}.Debug|iPhoneSimulator.ActiveCfg = Debug|Any CPU
		{F55AB5B7-945E-477D-84AE-577C31464A84}.Debug|iPhoneSimulator.Build.0 = Debug|Any CPU
		{F55AB5B7-945E-477D-84AE-577C31464A84}.Debug|x64.ActiveCfg = Debug|Any CPU
		{F55AB5B7-945E-477D-84AE-577C31464A84}.Debug|x64.Build.0 = Debug|Any CPU
		{F55AB5B7-945E-477D-84AE-577C31464A84}.Debug|x86.ActiveCfg = Debug|Any CPU
		{F55AB5B7-945E-477D-84AE-577C31464A84}.Debug|x86.Build.0 = Debug|Any CPU
		{F55AB5B7-945E-477D-84AE-577C31464A84}.Release|Any CPU.ActiveCfg = Release|Any CPU
		{F55AB5B7-945E-477D-84AE-577C31464A84}.Release|Any CPU.Build.0 = Release|Any CPU
		{F55AB5B7-945E-477D-84AE-577C31464A84}.Release|ARM.ActiveCfg = Release|Any CPU
		{F55AB5B7-945E-477D-84AE-577C31464A84}.Release|ARM.Build.0 = Release|Any CPU
		{F55AB5B7-945E-477D-84AE-577C31464A84}.Release|iPhone.ActiveCfg = Release|Any CPU
		{F55AB5B7-945E-477D-84AE-577C31464A84}.Release|iPhone.Build.0 = Release|Any CPU
		{F55AB5B7-945E-477D-84AE-577C31464A84}.Release|iPhoneSimulator.ActiveCfg = Release|Any CPU
		{F55AB5B7-945E-477D-84AE-577C31464A84}.Release|iPhoneSimulator.Build.0 = Release|Any CPU
		{F55AB5B7-945E-477D-84AE-577C31464A84}.Release|x64.ActiveCfg = Release|Any CPU
		{F55AB5B7-945E-477D-84AE-577C31464A84}.Release|x64.Build.0 = Release|Any CPU
		{F55AB5B7-945E-477D-84AE-577C31464A84}.Release|x86.ActiveCfg = Release|Any CPU
		{F55AB5B7-945E-477D-84AE-577C31464A84}.Release|x86.Build.0 = Release|Any CPU
		{603F0313-3E25-4142-8487-CEC37669E0DE}.Ad-Hoc|Any CPU.ActiveCfg = Release|Any CPU
		{603F0313-3E25-4142-8487-CEC37669E0DE}.Ad-Hoc|Any CPU.Build.0 = Release|Any CPU
		{603F0313-3E25-4142-8487-CEC37669E0DE}.Ad-Hoc|ARM.ActiveCfg = Release|Any CPU
		{603F0313-3E25-4142-8487-CEC37669E0DE}.Ad-Hoc|ARM.Build.0 = Release|Any CPU
		{603F0313-3E25-4142-8487-CEC37669E0DE}.Ad-Hoc|iPhone.ActiveCfg = Release|Any CPU
		{603F0313-3E25-4142-8487-CEC37669E0DE}.Ad-Hoc|iPhone.Build.0 = Release|Any CPU
		{603F0313-3E25-4142-8487-CEC37669E0DE}.Ad-Hoc|iPhoneSimulator.ActiveCfg = Release|Any CPU
		{603F0313-3E25-4142-8487-CEC37669E0DE}.Ad-Hoc|iPhoneSimulator.Build.0 = Release|Any CPU
		{603F0313-3E25-4142-8487-CEC37669E0DE}.Ad-Hoc|x64.ActiveCfg = Release|Any CPU
		{603F0313-3E25-4142-8487-CEC37669E0DE}.Ad-Hoc|x64.Build.0 = Release|Any CPU
		{603F0313-3E25-4142-8487-CEC37669E0DE}.Ad-Hoc|x86.ActiveCfg = Release|Any CPU
		{603F0313-3E25-4142-8487-CEC37669E0DE}.Ad-Hoc|x86.Build.0 = Release|Any CPU
		{603F0313-3E25-4142-8487-CEC37669E0DE}.AppStore|Any CPU.ActiveCfg = Release|Any CPU
		{603F0313-3E25-4142-8487-CEC37669E0DE}.AppStore|Any CPU.Build.0 = Release|Any CPU
		{603F0313-3E25-4142-8487-CEC37669E0DE}.AppStore|ARM.ActiveCfg = Release|Any CPU
		{603F0313-3E25-4142-8487-CEC37669E0DE}.AppStore|ARM.Build.0 = Release|Any CPU
		{603F0313-3E25-4142-8487-CEC37669E0DE}.AppStore|iPhone.ActiveCfg = Release|Any CPU
		{603F0313-3E25-4142-8487-CEC37669E0DE}.AppStore|iPhone.Build.0 = Release|Any CPU
		{603F0313-3E25-4142-8487-CEC37669E0DE}.AppStore|iPhoneSimulator.ActiveCfg = Release|Any CPU
		{603F0313-3E25-4142-8487-CEC37669E0DE}.AppStore|iPhoneSimulator.Build.0 = Release|Any CPU
		{603F0313-3E25-4142-8487-CEC37669E0DE}.AppStore|x64.ActiveCfg = Release|Any CPU
		{603F0313-3E25-4142-8487-CEC37669E0DE}.AppStore|x64.Build.0 = Release|Any CPU
		{603F0313-3E25-4142-8487-CEC37669E0DE}.AppStore|x86.ActiveCfg = Release|Any CPU
		{603F0313-3E25-4142-8487-CEC37669E0DE}.AppStore|x86.Build.0 = Release|Any CPU
		{603F0313-3E25-4142-8487-CEC37669E0DE}.Debug|Any CPU.ActiveCfg = Debug|Any CPU
		{603F0313-3E25-4142-8487-CEC37669E0DE}.Debug|Any CPU.Build.0 = Debug|Any CPU
		{603F0313-3E25-4142-8487-CEC37669E0DE}.Debug|ARM.ActiveCfg = Debug|Any CPU
		{603F0313-3E25-4142-8487-CEC37669E0DE}.Debug|ARM.Build.0 = Debug|Any CPU
		{603F0313-3E25-4142-8487-CEC37669E0DE}.Debug|iPhone.ActiveCfg = Debug|Any CPU
		{603F0313-3E25-4142-8487-CEC37669E0DE}.Debug|iPhone.Build.0 = Debug|Any CPU
		{603F0313-3E25-4142-8487-CEC37669E0DE}.Debug|iPhoneSimulator.ActiveCfg = Debug|Any CPU
		{603F0313-3E25-4142-8487-CEC37669E0DE}.Debug|iPhoneSimulator.Build.0 = Debug|Any CPU
		{603F0313-3E25-4142-8487-CEC37669E0DE}.Debug|x64.ActiveCfg = Debug|Any CPU
		{603F0313-3E25-4142-8487-CEC37669E0DE}.Debug|x64.Build.0 = Debug|Any CPU
		{603F0313-3E25-4142-8487-CEC37669E0DE}.Debug|x86.ActiveCfg = Debug|Any CPU
		{603F0313-3E25-4142-8487-CEC37669E0DE}.Debug|x86.Build.0 = Debug|Any CPU
		{603F0313-3E25-4142-8487-CEC37669E0DE}.Release|Any CPU.ActiveCfg = Release|Any CPU
		{603F0313-3E25-4142-8487-CEC37669E0DE}.Release|Any CPU.Build.0 = Release|Any CPU
		{603F0313-3E25-4142-8487-CEC37669E0DE}.Release|ARM.ActiveCfg = Release|Any CPU
		{603F0313-3E25-4142-8487-CEC37669E0DE}.Release|ARM.Build.0 = Release|Any CPU
		{603F0313-3E25-4142-8487-CEC37669E0DE}.Release|iPhone.ActiveCfg = Release|Any CPU
		{603F0313-3E25-4142-8487-CEC37669E0DE}.Release|iPhone.Build.0 = Release|Any CPU
		{603F0313-3E25-4142-8487-CEC37669E0DE}.Release|iPhoneSimulator.ActiveCfg = Release|Any CPU
		{603F0313-3E25-4142-8487-CEC37669E0DE}.Release|iPhoneSimulator.Build.0 = Release|Any CPU
		{603F0313-3E25-4142-8487-CEC37669E0DE}.Release|x64.ActiveCfg = Release|Any CPU
		{603F0313-3E25-4142-8487-CEC37669E0DE}.Release|x64.Build.0 = Release|Any CPU
		{603F0313-3E25-4142-8487-CEC37669E0DE}.Release|x86.ActiveCfg = Release|Any CPU
		{603F0313-3E25-4142-8487-CEC37669E0DE}.Release|x86.Build.0 = Release|Any CPU
		{7CDE6084-8950-4D4F-8F95-EE17C7287F00}.Ad-Hoc|Any CPU.ActiveCfg = Release|Any CPU
		{7CDE6084-8950-4D4F-8F95-EE17C7287F00}.Ad-Hoc|Any CPU.Build.0 = Release|Any CPU
		{7CDE6084-8950-4D4F-8F95-EE17C7287F00}.Ad-Hoc|ARM.ActiveCfg = Release|Any CPU
		{7CDE6084-8950-4D4F-8F95-EE17C7287F00}.Ad-Hoc|ARM.Build.0 = Release|Any CPU
		{7CDE6084-8950-4D4F-8F95-EE17C7287F00}.Ad-Hoc|iPhone.ActiveCfg = Release|Any CPU
		{7CDE6084-8950-4D4F-8F95-EE17C7287F00}.Ad-Hoc|iPhone.Build.0 = Release|Any CPU
		{7CDE6084-8950-4D4F-8F95-EE17C7287F00}.Ad-Hoc|iPhoneSimulator.ActiveCfg = Release|Any CPU
		{7CDE6084-8950-4D4F-8F95-EE17C7287F00}.Ad-Hoc|iPhoneSimulator.Build.0 = Release|Any CPU
		{7CDE6084-8950-4D4F-8F95-EE17C7287F00}.Ad-Hoc|x64.ActiveCfg = Release|Any CPU
		{7CDE6084-8950-4D4F-8F95-EE17C7287F00}.Ad-Hoc|x64.Build.0 = Release|Any CPU
		{7CDE6084-8950-4D4F-8F95-EE17C7287F00}.Ad-Hoc|x86.ActiveCfg = Release|Any CPU
		{7CDE6084-8950-4D4F-8F95-EE17C7287F00}.Ad-Hoc|x86.Build.0 = Release|Any CPU
		{7CDE6084-8950-4D4F-8F95-EE17C7287F00}.AppStore|Any CPU.ActiveCfg = Release|Any CPU
		{7CDE6084-8950-4D4F-8F95-EE17C7287F00}.AppStore|Any CPU.Build.0 = Release|Any CPU
		{7CDE6084-8950-4D4F-8F95-EE17C7287F00}.AppStore|ARM.ActiveCfg = Release|Any CPU
		{7CDE6084-8950-4D4F-8F95-EE17C7287F00}.AppStore|ARM.Build.0 = Release|Any CPU
		{7CDE6084-8950-4D4F-8F95-EE17C7287F00}.AppStore|iPhone.ActiveCfg = Release|Any CPU
		{7CDE6084-8950-4D4F-8F95-EE17C7287F00}.AppStore|iPhone.Build.0 = Release|Any CPU
		{7CDE6084-8950-4D4F-8F95-EE17C7287F00}.AppStore|iPhoneSimulator.ActiveCfg = Release|Any CPU
		{7CDE6084-8950-4D4F-8F95-EE17C7287F00}.AppStore|iPhoneSimulator.Build.0 = Release|Any CPU
		{7CDE6084-8950-4D4F-8F95-EE17C7287F00}.AppStore|x64.ActiveCfg = Release|Any CPU
		{7CDE6084-8950-4D4F-8F95-EE17C7287F00}.AppStore|x64.Build.0 = Release|Any CPU
		{7CDE6084-8950-4D4F-8F95-EE17C7287F00}.AppStore|x86.ActiveCfg = Release|Any CPU
		{7CDE6084-8950-4D4F-8F95-EE17C7287F00}.AppStore|x86.Build.0 = Release|Any CPU
		{7CDE6084-8950-4D4F-8F95-EE17C7287F00}.Debug|Any CPU.ActiveCfg = Debug|Any CPU
		{7CDE6084-8950-4D4F-8F95-EE17C7287F00}.Debug|Any CPU.Build.0 = Debug|Any CPU
		{7CDE6084-8950-4D4F-8F95-EE17C7287F00}.Debug|ARM.ActiveCfg = Debug|Any CPU
		{7CDE6084-8950-4D4F-8F95-EE17C7287F00}.Debug|ARM.Build.0 = Debug|Any CPU
		{7CDE6084-8950-4D4F-8F95-EE17C7287F00}.Debug|iPhone.ActiveCfg = Debug|Any CPU
		{7CDE6084-8950-4D4F-8F95-EE17C7287F00}.Debug|iPhone.Build.0 = Debug|Any CPU
		{7CDE6084-8950-4D4F-8F95-EE17C7287F00}.Debug|iPhoneSimulator.ActiveCfg = Debug|Any CPU
		{7CDE6084-8950-4D4F-8F95-EE17C7287F00}.Debug|iPhoneSimulator.Build.0 = Debug|Any CPU
		{7CDE6084-8950-4D4F-8F95-EE17C7287F00}.Debug|x64.ActiveCfg = Debug|Any CPU
		{7CDE6084-8950-4D4F-8F95-EE17C7287F00}.Debug|x64.Build.0 = Debug|Any CPU
		{7CDE6084-8950-4D4F-8F95-EE17C7287F00}.Debug|x86.ActiveCfg = Debug|Any CPU
		{7CDE6084-8950-4D4F-8F95-EE17C7287F00}.Debug|x86.Build.0 = Debug|Any CPU
		{7CDE6084-8950-4D4F-8F95-EE17C7287F00}.Release|Any CPU.ActiveCfg = Release|Any CPU
		{7CDE6084-8950-4D4F-8F95-EE17C7287F00}.Release|Any CPU.Build.0 = Release|Any CPU
		{7CDE6084-8950-4D4F-8F95-EE17C7287F00}.Release|ARM.ActiveCfg = Release|Any CPU
		{7CDE6084-8950-4D4F-8F95-EE17C7287F00}.Release|ARM.Build.0 = Release|Any CPU
		{7CDE6084-8950-4D4F-8F95-EE17C7287F00}.Release|iPhone.ActiveCfg = Release|Any CPU
		{7CDE6084-8950-4D4F-8F95-EE17C7287F00}.Release|iPhone.Build.0 = Release|Any CPU
		{7CDE6084-8950-4D4F-8F95-EE17C7287F00}.Release|iPhoneSimulator.ActiveCfg = Release|Any CPU
		{7CDE6084-8950-4D4F-8F95-EE17C7287F00}.Release|iPhoneSimulator.Build.0 = Release|Any CPU
		{7CDE6084-8950-4D4F-8F95-EE17C7287F00}.Release|x64.ActiveCfg = Release|Any CPU
		{7CDE6084-8950-4D4F-8F95-EE17C7287F00}.Release|x64.Build.0 = Release|Any CPU
		{7CDE6084-8950-4D4F-8F95-EE17C7287F00}.Release|x86.ActiveCfg = Release|Any CPU
		{7CDE6084-8950-4D4F-8F95-EE17C7287F00}.Release|x86.Build.0 = Release|Any CPU
		{5617D24D-807A-445F-AC2F-6774B442761E}.Ad-Hoc|Any CPU.ActiveCfg = Release|Any CPU
		{5617D24D-807A-445F-AC2F-6774B442761E}.Ad-Hoc|Any CPU.Build.0 = Release|Any CPU
		{5617D24D-807A-445F-AC2F-6774B442761E}.Ad-Hoc|ARM.ActiveCfg = Release|Any CPU
		{5617D24D-807A-445F-AC2F-6774B442761E}.Ad-Hoc|ARM.Build.0 = Release|Any CPU
		{5617D24D-807A-445F-AC2F-6774B442761E}.Ad-Hoc|iPhone.ActiveCfg = Release|Any CPU
		{5617D24D-807A-445F-AC2F-6774B442761E}.Ad-Hoc|iPhone.Build.0 = Release|Any CPU
		{5617D24D-807A-445F-AC2F-6774B442761E}.Ad-Hoc|iPhoneSimulator.ActiveCfg = Release|Any CPU
		{5617D24D-807A-445F-AC2F-6774B442761E}.Ad-Hoc|iPhoneSimulator.Build.0 = Release|Any CPU
		{5617D24D-807A-445F-AC2F-6774B442761E}.Ad-Hoc|x64.ActiveCfg = Release|Any CPU
		{5617D24D-807A-445F-AC2F-6774B442761E}.Ad-Hoc|x64.Build.0 = Release|Any CPU
		{5617D24D-807A-445F-AC2F-6774B442761E}.Ad-Hoc|x86.ActiveCfg = Release|Any CPU
		{5617D24D-807A-445F-AC2F-6774B442761E}.Ad-Hoc|x86.Build.0 = Release|Any CPU
		{5617D24D-807A-445F-AC2F-6774B442761E}.AppStore|Any CPU.ActiveCfg = Release|Any CPU
		{5617D24D-807A-445F-AC2F-6774B442761E}.AppStore|Any CPU.Build.0 = Release|Any CPU
		{5617D24D-807A-445F-AC2F-6774B442761E}.AppStore|ARM.ActiveCfg = Release|Any CPU
		{5617D24D-807A-445F-AC2F-6774B442761E}.AppStore|ARM.Build.0 = Release|Any CPU
		{5617D24D-807A-445F-AC2F-6774B442761E}.AppStore|iPhone.ActiveCfg = Release|Any CPU
		{5617D24D-807A-445F-AC2F-6774B442761E}.AppStore|iPhone.Build.0 = Release|Any CPU
		{5617D24D-807A-445F-AC2F-6774B442761E}.AppStore|iPhoneSimulator.ActiveCfg = Release|Any CPU
		{5617D24D-807A-445F-AC2F-6774B442761E}.AppStore|iPhoneSimulator.Build.0 = Release|Any CPU
		{5617D24D-807A-445F-AC2F-6774B442761E}.AppStore|x64.ActiveCfg = Release|Any CPU
		{5617D24D-807A-445F-AC2F-6774B442761E}.AppStore|x64.Build.0 = Release|Any CPU
		{5617D24D-807A-445F-AC2F-6774B442761E}.AppStore|x86.ActiveCfg = Release|Any CPU
		{5617D24D-807A-445F-AC2F-6774B442761E}.AppStore|x86.Build.0 = Release|Any CPU
		{5617D24D-807A-445F-AC2F-6774B442761E}.Debug|Any CPU.ActiveCfg = Debug|Any CPU
		{5617D24D-807A-445F-AC2F-6774B442761E}.Debug|Any CPU.Build.0 = Debug|Any CPU
		{5617D24D-807A-445F-AC2F-6774B442761E}.Debug|ARM.ActiveCfg = Debug|Any CPU
		{5617D24D-807A-445F-AC2F-6774B442761E}.Debug|ARM.Build.0 = Debug|Any CPU
		{5617D24D-807A-445F-AC2F-6774B442761E}.Debug|iPhone.ActiveCfg = Debug|Any CPU
		{5617D24D-807A-445F-AC2F-6774B442761E}.Debug|iPhone.Build.0 = Debug|Any CPU
		{5617D24D-807A-445F-AC2F-6774B442761E}.Debug|iPhoneSimulator.ActiveCfg = Debug|Any CPU
		{5617D24D-807A-445F-AC2F-6774B442761E}.Debug|iPhoneSimulator.Build.0 = Debug|Any CPU
		{5617D24D-807A-445F-AC2F-6774B442761E}.Debug|x64.ActiveCfg = Debug|Any CPU
		{5617D24D-807A-445F-AC2F-6774B442761E}.Debug|x64.Build.0 = Debug|Any CPU
		{5617D24D-807A-445F-AC2F-6774B442761E}.Debug|x86.ActiveCfg = Debug|Any CPU
		{5617D24D-807A-445F-AC2F-6774B442761E}.Debug|x86.Build.0 = Debug|Any CPU
		{5617D24D-807A-445F-AC2F-6774B442761E}.Release|Any CPU.ActiveCfg = Release|Any CPU
		{5617D24D-807A-445F-AC2F-6774B442761E}.Release|Any CPU.Build.0 = Release|Any CPU
		{5617D24D-807A-445F-AC2F-6774B442761E}.Release|ARM.ActiveCfg = Release|Any CPU
		{5617D24D-807A-445F-AC2F-6774B442761E}.Release|ARM.Build.0 = Release|Any CPU
		{5617D24D-807A-445F-AC2F-6774B442761E}.Release|iPhone.ActiveCfg = Release|Any CPU
		{5617D24D-807A-445F-AC2F-6774B442761E}.Release|iPhone.Build.0 = Release|Any CPU
		{5617D24D-807A-445F-AC2F-6774B442761E}.Release|iPhoneSimulator.ActiveCfg = Release|Any CPU
		{5617D24D-807A-445F-AC2F-6774B442761E}.Release|iPhoneSimulator.Build.0 = Release|Any CPU
		{5617D24D-807A-445F-AC2F-6774B442761E}.Release|x64.ActiveCfg = Release|Any CPU
		{5617D24D-807A-445F-AC2F-6774B442761E}.Release|x64.Build.0 = Release|Any CPU
		{5617D24D-807A-445F-AC2F-6774B442761E}.Release|x86.ActiveCfg = Release|Any CPU
		{5617D24D-807A-445F-AC2F-6774B442761E}.Release|x86.Build.0 = Release|Any CPU
		{4BDC4B9F-4945-4815-8227-60DDAA5FADE8}.Ad-Hoc|Any CPU.ActiveCfg = Debug|Any CPU
		{4BDC4B9F-4945-4815-8227-60DDAA5FADE8}.Ad-Hoc|Any CPU.Build.0 = Debug|Any CPU
		{4BDC4B9F-4945-4815-8227-60DDAA5FADE8}.Ad-Hoc|ARM.ActiveCfg = Debug|Any CPU
		{4BDC4B9F-4945-4815-8227-60DDAA5FADE8}.Ad-Hoc|ARM.Build.0 = Debug|Any CPU
		{4BDC4B9F-4945-4815-8227-60DDAA5FADE8}.Ad-Hoc|iPhone.ActiveCfg = Debug|Any CPU
		{4BDC4B9F-4945-4815-8227-60DDAA5FADE8}.Ad-Hoc|iPhone.Build.0 = Debug|Any CPU
		{4BDC4B9F-4945-4815-8227-60DDAA5FADE8}.Ad-Hoc|iPhoneSimulator.ActiveCfg = Debug|Any CPU
		{4BDC4B9F-4945-4815-8227-60DDAA5FADE8}.Ad-Hoc|iPhoneSimulator.Build.0 = Debug|Any CPU
		{4BDC4B9F-4945-4815-8227-60DDAA5FADE8}.Ad-Hoc|x64.ActiveCfg = Debug|Any CPU
		{4BDC4B9F-4945-4815-8227-60DDAA5FADE8}.Ad-Hoc|x64.Build.0 = Debug|Any CPU
		{4BDC4B9F-4945-4815-8227-60DDAA5FADE8}.Ad-Hoc|x86.ActiveCfg = Debug|Any CPU
		{4BDC4B9F-4945-4815-8227-60DDAA5FADE8}.Ad-Hoc|x86.Build.0 = Debug|Any CPU
		{4BDC4B9F-4945-4815-8227-60DDAA5FADE8}.AppStore|Any CPU.ActiveCfg = Debug|Any CPU
		{4BDC4B9F-4945-4815-8227-60DDAA5FADE8}.AppStore|Any CPU.Build.0 = Debug|Any CPU
		{4BDC4B9F-4945-4815-8227-60DDAA5FADE8}.AppStore|ARM.ActiveCfg = Debug|Any CPU
		{4BDC4B9F-4945-4815-8227-60DDAA5FADE8}.AppStore|ARM.Build.0 = Debug|Any CPU
		{4BDC4B9F-4945-4815-8227-60DDAA5FADE8}.AppStore|iPhone.ActiveCfg = Debug|Any CPU
		{4BDC4B9F-4945-4815-8227-60DDAA5FADE8}.AppStore|iPhone.Build.0 = Debug|Any CPU
		{4BDC4B9F-4945-4815-8227-60DDAA5FADE8}.AppStore|iPhoneSimulator.ActiveCfg = Debug|Any CPU
		{4BDC4B9F-4945-4815-8227-60DDAA5FADE8}.AppStore|iPhoneSimulator.Build.0 = Debug|Any CPU
		{4BDC4B9F-4945-4815-8227-60DDAA5FADE8}.AppStore|x64.ActiveCfg = Debug|Any CPU
		{4BDC4B9F-4945-4815-8227-60DDAA5FADE8}.AppStore|x64.Build.0 = Debug|Any CPU
		{4BDC4B9F-4945-4815-8227-60DDAA5FADE8}.AppStore|x86.ActiveCfg = Debug|Any CPU
		{4BDC4B9F-4945-4815-8227-60DDAA5FADE8}.AppStore|x86.Build.0 = Debug|Any CPU
		{4BDC4B9F-4945-4815-8227-60DDAA5FADE8}.Debug|Any CPU.ActiveCfg = Debug|Any CPU
		{4BDC4B9F-4945-4815-8227-60DDAA5FADE8}.Debug|Any CPU.Build.0 = Debug|Any CPU
		{4BDC4B9F-4945-4815-8227-60DDAA5FADE8}.Debug|ARM.ActiveCfg = Debug|Any CPU
		{4BDC4B9F-4945-4815-8227-60DDAA5FADE8}.Debug|ARM.Build.0 = Debug|Any CPU
		{4BDC4B9F-4945-4815-8227-60DDAA5FADE8}.Debug|iPhone.ActiveCfg = Debug|Any CPU
		{4BDC4B9F-4945-4815-8227-60DDAA5FADE8}.Debug|iPhone.Build.0 = Debug|Any CPU
		{4BDC4B9F-4945-4815-8227-60DDAA5FADE8}.Debug|iPhoneSimulator.ActiveCfg = Debug|Any CPU
		{4BDC4B9F-4945-4815-8227-60DDAA5FADE8}.Debug|iPhoneSimulator.Build.0 = Debug|Any CPU
		{4BDC4B9F-4945-4815-8227-60DDAA5FADE8}.Debug|x64.ActiveCfg = Debug|Any CPU
		{4BDC4B9F-4945-4815-8227-60DDAA5FADE8}.Debug|x64.Build.0 = Debug|Any CPU
		{4BDC4B9F-4945-4815-8227-60DDAA5FADE8}.Debug|x86.ActiveCfg = Debug|Any CPU
		{4BDC4B9F-4945-4815-8227-60DDAA5FADE8}.Debug|x86.Build.0 = Debug|Any CPU
		{4BDC4B9F-4945-4815-8227-60DDAA5FADE8}.Release|Any CPU.ActiveCfg = Release|Any CPU
		{4BDC4B9F-4945-4815-8227-60DDAA5FADE8}.Release|Any CPU.Build.0 = Release|Any CPU
		{4BDC4B9F-4945-4815-8227-60DDAA5FADE8}.Release|ARM.ActiveCfg = Release|Any CPU
		{4BDC4B9F-4945-4815-8227-60DDAA5FADE8}.Release|ARM.Build.0 = Release|Any CPU
		{4BDC4B9F-4945-4815-8227-60DDAA5FADE8}.Release|iPhone.ActiveCfg = Release|Any CPU
		{4BDC4B9F-4945-4815-8227-60DDAA5FADE8}.Release|iPhone.Build.0 = Release|Any CPU
		{4BDC4B9F-4945-4815-8227-60DDAA5FADE8}.Release|iPhoneSimulator.ActiveCfg = Release|Any CPU
		{4BDC4B9F-4945-4815-8227-60DDAA5FADE8}.Release|iPhoneSimulator.Build.0 = Release|Any CPU
		{4BDC4B9F-4945-4815-8227-60DDAA5FADE8}.Release|x64.ActiveCfg = Release|Any CPU
		{4BDC4B9F-4945-4815-8227-60DDAA5FADE8}.Release|x64.Build.0 = Release|Any CPU
		{4BDC4B9F-4945-4815-8227-60DDAA5FADE8}.Release|x86.ActiveCfg = Release|Any CPU
		{4BDC4B9F-4945-4815-8227-60DDAA5FADE8}.Release|x86.Build.0 = Release|Any CPU
		{B0F0DDE0-73A6-4D53-B5D2-08DFE335C58E}.Ad-Hoc|Any CPU.ActiveCfg = Release|x86
		{B0F0DDE0-73A6-4D53-B5D2-08DFE335C58E}.Ad-Hoc|Any CPU.Build.0 = Release|x86
		{B0F0DDE0-73A6-4D53-B5D2-08DFE335C58E}.Ad-Hoc|Any CPU.Deploy.0 = Release|x86
		{B0F0DDE0-73A6-4D53-B5D2-08DFE335C58E}.Ad-Hoc|ARM.ActiveCfg = Release|ARM
		{B0F0DDE0-73A6-4D53-B5D2-08DFE335C58E}.Ad-Hoc|ARM.Build.0 = Release|ARM
		{B0F0DDE0-73A6-4D53-B5D2-08DFE335C58E}.Ad-Hoc|ARM.Deploy.0 = Release|ARM
		{B0F0DDE0-73A6-4D53-B5D2-08DFE335C58E}.Ad-Hoc|iPhone.ActiveCfg = Release|x86
		{B0F0DDE0-73A6-4D53-B5D2-08DFE335C58E}.Ad-Hoc|iPhone.Build.0 = Release|x86
		{B0F0DDE0-73A6-4D53-B5D2-08DFE335C58E}.Ad-Hoc|iPhone.Deploy.0 = Release|x86
		{B0F0DDE0-73A6-4D53-B5D2-08DFE335C58E}.Ad-Hoc|iPhoneSimulator.ActiveCfg = Release|x86
		{B0F0DDE0-73A6-4D53-B5D2-08DFE335C58E}.Ad-Hoc|iPhoneSimulator.Build.0 = Release|x86
		{B0F0DDE0-73A6-4D53-B5D2-08DFE335C58E}.Ad-Hoc|iPhoneSimulator.Deploy.0 = Release|x86
		{B0F0DDE0-73A6-4D53-B5D2-08DFE335C58E}.Ad-Hoc|x64.ActiveCfg = Release|x64
		{B0F0DDE0-73A6-4D53-B5D2-08DFE335C58E}.Ad-Hoc|x64.Build.0 = Release|x64
		{B0F0DDE0-73A6-4D53-B5D2-08DFE335C58E}.Ad-Hoc|x64.Deploy.0 = Release|x64
		{B0F0DDE0-73A6-4D53-B5D2-08DFE335C58E}.Ad-Hoc|x86.ActiveCfg = Release|x86
		{B0F0DDE0-73A6-4D53-B5D2-08DFE335C58E}.Ad-Hoc|x86.Build.0 = Release|x86
		{B0F0DDE0-73A6-4D53-B5D2-08DFE335C58E}.Ad-Hoc|x86.Deploy.0 = Release|x86
		{B0F0DDE0-73A6-4D53-B5D2-08DFE335C58E}.AppStore|Any CPU.ActiveCfg = Release|x86
		{B0F0DDE0-73A6-4D53-B5D2-08DFE335C58E}.AppStore|Any CPU.Build.0 = Release|x86
		{B0F0DDE0-73A6-4D53-B5D2-08DFE335C58E}.AppStore|Any CPU.Deploy.0 = Release|x86
		{B0F0DDE0-73A6-4D53-B5D2-08DFE335C58E}.AppStore|ARM.ActiveCfg = Release|ARM
		{B0F0DDE0-73A6-4D53-B5D2-08DFE335C58E}.AppStore|ARM.Build.0 = Release|ARM
		{B0F0DDE0-73A6-4D53-B5D2-08DFE335C58E}.AppStore|ARM.Deploy.0 = Release|ARM
		{B0F0DDE0-73A6-4D53-B5D2-08DFE335C58E}.AppStore|iPhone.ActiveCfg = Release|x86
		{B0F0DDE0-73A6-4D53-B5D2-08DFE335C58E}.AppStore|iPhone.Build.0 = Release|x86
		{B0F0DDE0-73A6-4D53-B5D2-08DFE335C58E}.AppStore|iPhone.Deploy.0 = Release|x86
		{B0F0DDE0-73A6-4D53-B5D2-08DFE335C58E}.AppStore|iPhoneSimulator.ActiveCfg = Release|x86
		{B0F0DDE0-73A6-4D53-B5D2-08DFE335C58E}.AppStore|iPhoneSimulator.Build.0 = Release|x86
		{B0F0DDE0-73A6-4D53-B5D2-08DFE335C58E}.AppStore|iPhoneSimulator.Deploy.0 = Release|x86
		{B0F0DDE0-73A6-4D53-B5D2-08DFE335C58E}.AppStore|x64.ActiveCfg = Release|x64
		{B0F0DDE0-73A6-4D53-B5D2-08DFE335C58E}.AppStore|x64.Build.0 = Release|x64
		{B0F0DDE0-73A6-4D53-B5D2-08DFE335C58E}.AppStore|x64.Deploy.0 = Release|x64
		{B0F0DDE0-73A6-4D53-B5D2-08DFE335C58E}.AppStore|x86.ActiveCfg = Release|x86
		{B0F0DDE0-73A6-4D53-B5D2-08DFE335C58E}.AppStore|x86.Build.0 = Release|x86
		{B0F0DDE0-73A6-4D53-B5D2-08DFE335C58E}.AppStore|x86.Deploy.0 = Release|x86
		{B0F0DDE0-73A6-4D53-B5D2-08DFE335C58E}.Debug|Any CPU.ActiveCfg = Debug|x86
		{B0F0DDE0-73A6-4D53-B5D2-08DFE335C58E}.Debug|ARM.ActiveCfg = Debug|ARM
		{B0F0DDE0-73A6-4D53-B5D2-08DFE335C58E}.Debug|ARM.Build.0 = Debug|ARM
		{B0F0DDE0-73A6-4D53-B5D2-08DFE335C58E}.Debug|ARM.Deploy.0 = Debug|ARM
		{B0F0DDE0-73A6-4D53-B5D2-08DFE335C58E}.Debug|iPhone.ActiveCfg = Debug|x86
		{B0F0DDE0-73A6-4D53-B5D2-08DFE335C58E}.Debug|iPhoneSimulator.ActiveCfg = Debug|x86
		{B0F0DDE0-73A6-4D53-B5D2-08DFE335C58E}.Debug|x64.ActiveCfg = Debug|x64
		{B0F0DDE0-73A6-4D53-B5D2-08DFE335C58E}.Debug|x64.Build.0 = Debug|x64
		{B0F0DDE0-73A6-4D53-B5D2-08DFE335C58E}.Debug|x64.Deploy.0 = Debug|x64
		{B0F0DDE0-73A6-4D53-B5D2-08DFE335C58E}.Debug|x86.ActiveCfg = Debug|x86
		{B0F0DDE0-73A6-4D53-B5D2-08DFE335C58E}.Debug|x86.Build.0 = Debug|x86
		{B0F0DDE0-73A6-4D53-B5D2-08DFE335C58E}.Debug|x86.Deploy.0 = Debug|x86
		{B0F0DDE0-73A6-4D53-B5D2-08DFE335C58E}.Release|Any CPU.ActiveCfg = Release|x86
		{B0F0DDE0-73A6-4D53-B5D2-08DFE335C58E}.Release|ARM.ActiveCfg = Release|ARM
		{B0F0DDE0-73A6-4D53-B5D2-08DFE335C58E}.Release|ARM.Build.0 = Release|ARM
		{B0F0DDE0-73A6-4D53-B5D2-08DFE335C58E}.Release|ARM.Deploy.0 = Release|ARM
		{B0F0DDE0-73A6-4D53-B5D2-08DFE335C58E}.Release|iPhone.ActiveCfg = Release|x86
		{B0F0DDE0-73A6-4D53-B5D2-08DFE335C58E}.Release|iPhoneSimulator.ActiveCfg = Release|x86
		{B0F0DDE0-73A6-4D53-B5D2-08DFE335C58E}.Release|x64.ActiveCfg = Release|x64
		{B0F0DDE0-73A6-4D53-B5D2-08DFE335C58E}.Release|x64.Build.0 = Release|x64
		{B0F0DDE0-73A6-4D53-B5D2-08DFE335C58E}.Release|x64.Deploy.0 = Release|x64
		{B0F0DDE0-73A6-4D53-B5D2-08DFE335C58E}.Release|x86.ActiveCfg = Release|x86
		{B0F0DDE0-73A6-4D53-B5D2-08DFE335C58E}.Release|x86.Build.0 = Release|x86
		{B0F0DDE0-73A6-4D53-B5D2-08DFE335C58E}.Release|x86.Deploy.0 = Release|x86
	EndGlobalSection
	GlobalSection(SolutionProperties) = preSolution
		HideSolutionNode = FALSE
	EndGlobalSection
	GlobalSection(ExtensibilityGlobals) = postSolution
		SolutionGuid = {F776ABA8-B8D0-4DEF-9215-FAA7E35FAFB0}
	EndGlobalSection
EndGlobal
